// !$*UTF8*$!
{
	archiveVersion = 1;
	classes = {
	};
	objectVersion = 50;
	objects = {

/* Begin PBXBuildFile section */
		A23BB5FB216FC58000C73926 /* AppDelegate.swift in Sources */ = {isa = PBXBuildFile; fileRef = A23BB5FA216FC58000C73926 /* AppDelegate.swift */; };
		A23BB5FD216FC58000C73926 /* ViewController.swift in Sources */ = {isa = PBXBuildFile; fileRef = A23BB5FC216FC58000C73926 /* ViewController.swift */; };
		A23BB600216FC58000C73926 /* Main.storyboard in Resources */ = {isa = PBXBuildFile; fileRef = A23BB5FE216FC58000C73926 /* Main.storyboard */; };
		A23BB602216FC58000C73926 /* Assets.xcassets in Resources */ = {isa = PBXBuildFile; fileRef = A23BB601216FC58000C73926 /* Assets.xcassets */; };
		A23BB605216FC58000C73926 /* LaunchScreen.storyboard in Resources */ = {isa = PBXBuildFile; fileRef = A23BB603216FC58000C73926 /* LaunchScreen.storyboard */; };
		A23BB610216FC58000C73926 /* edUTests.swift in Sources */ = {isa = PBXBuildFile; fileRef = A23BB60F216FC58000C73926 /* edUTests.swift */; };
		A23BB61B216FC58000C73926 /* edUUITests.swift in Sources */ = {isa = PBXBuildFile; fileRef = A23BB61A216FC58000C73926 /* edUUITests.swift */; };
/* End PBXBuildFile section */

/* Begin PBXContainerItemProxy section */
		A23BB60C216FC58000C73926 /* PBXContainerItemProxy */ = {
			isa = PBXContainerItemProxy;
			containerPortal = A23BB5EF216FC58000C73926 /* Project object */;
			proxyType = 1;
			remoteGlobalIDString = A23BB5F6216FC58000C73926;
			remoteInfo = edU;
		};
		A23BB617216FC58000C73926 /* PBXContainerItemProxy */ = {
			isa = PBXContainerItemProxy;
			containerPortal = A23BB5EF216FC58000C73926 /* Project object */;
			proxyType = 1;
			remoteGlobalIDString = A23BB5F6216FC58000C73926;
			remoteInfo = edU;
		};
/* End PBXContainerItemProxy section */

/* Begin PBXFileReference section */
		A23BB5F7216FC58000C73926 /* edU.app */ = {isa = PBXFileReference; explicitFileType = wrapper.application; includeInIndex = 0; path = edU.app; sourceTree = BUILT_PRODUCTS_DIR; };
		A23BB5FA216FC58000C73926 /* AppDelegate.swift */ = {isa = PBXFileReference; lastKnownFileType = sourcecode.swift; path = AppDelegate.swift; sourceTree = "<group>"; };
		A23BB5FC216FC58000C73926 /* ViewController.swift */ = {isa = PBXFileReference; lastKnownFileType = sourcecode.swift; path = ViewController.swift; sourceTree = "<group>"; };
		A23BB5FF216FC58000C73926 /* Base */ = {isa = PBXFileReference; lastKnownFileType = file.storyboard; name = Base; path = Base.lproj/Main.storyboard; sourceTree = "<group>"; };
		A23BB601216FC58000C73926 /* Assets.xcassets */ = {isa = PBXFileReference; lastKnownFileType = folder.assetcatalog; path = Assets.xcassets; sourceTree = "<group>"; };
		A23BB604216FC58000C73926 /* Base */ = {isa = PBXFileReference; lastKnownFileType = file.storyboard; name = Base; path = Base.lproj/LaunchScreen.storyboard; sourceTree = "<group>"; };
		A23BB606216FC58000C73926 /* Info.plist */ = {isa = PBXFileReference; lastKnownFileType = text.plist.xml; path = Info.plist; sourceTree = "<group>"; };
		A23BB60B216FC58000C73926 /* edUTests.xctest */ = {isa = PBXFileReference; explicitFileType = wrapper.cfbundle; includeInIndex = 0; path = edUTests.xctest; sourceTree = BUILT_PRODUCTS_DIR; };
		A23BB60F216FC58000C73926 /* edUTests.swift */ = {isa = PBXFileReference; lastKnownFileType = sourcecode.swift; path = edUTests.swift; sourceTree = "<group>"; };
		A23BB611216FC58000C73926 /* Info.plist */ = {isa = PBXFileReference; lastKnownFileType = text.plist.xml; path = Info.plist; sourceTree = "<group>"; };
		A23BB616216FC58000C73926 /* edUUITests.xctest */ = {isa = PBXFileReference; explicitFileType = wrapper.cfbundle; includeInIndex = 0; path = edUUITests.xctest; sourceTree = BUILT_PRODUCTS_DIR; };
		A23BB61A216FC58000C73926 /* edUUITests.swift */ = {isa = PBXFileReference; lastKnownFileType = sourcecode.swift; path = edUUITests.swift; sourceTree = "<group>"; };
		A23BB61C216FC58000C73926 /* Info.plist */ = {isa = PBXFileReference; lastKnownFileType = text.plist.xml; path = Info.plist; sourceTree = "<group>"; };
/* End PBXFileReference section */

/* Begin PBXFrameworksBuildPhase section */
		A23BB5F4216FC58000C73926 /* Frameworks */ = {
			isa = PBXFrameworksBuildPhase;
			buildActionMask = 2147483647;
			files = (
			);
			runOnlyForDeploymentPostprocessing = 0;
		};
		A23BB608216FC58000C73926 /* Frameworks */ = {
			isa = PBXFrameworksBuildPhase;
			buildActionMask = 2147483647;
			files = (
			);
			runOnlyForDeploymentPostprocessing = 0;
		};
		A23BB613216FC58000C73926 /* Frameworks */ = {
			isa = PBXFrameworksBuildPhase;
			buildActionMask = 2147483647;
			files = (
			);
			runOnlyForDeploymentPostprocessing = 0;
		};
/* End PBXFrameworksBuildPhase section */

/* Begin PBXGroup section */
		A23BB5EE216FC58000C73926 = {
			isa = PBXGroup;
			children = (
				A23BB5F9216FC58000C73926 /* edU */,
				A23BB60E216FC58000C73926 /* edUTests */,
				A23BB619216FC58000C73926 /* edUUITests */,
				A23BB5F8216FC58000C73926 /* Products */,
			);
			sourceTree = "<group>";
		};
		A23BB5F8216FC58000C73926 /* Products */ = {
			isa = PBXGroup;
			children = (
				A23BB5F7216FC58000C73926 /* edU.app */,
				A23BB60B216FC58000C73926 /* edUTests.xctest */,
				A23BB616216FC58000C73926 /* edUUITests.xctest */,
			);
			name = Products;
			sourceTree = "<group>";
		};
		A23BB5F9216FC58000C73926 /* edU */ = {
			isa = PBXGroup;
			children = (
				A23BB5FA216FC58000C73926 /* AppDelegate.swift */,
				A23BB5FC216FC58000C73926 /* ViewController.swift */,
				A23BB5FE216FC58000C73926 /* Main.storyboard */,
				A23BB601216FC58000C73926 /* Assets.xcassets */,
				A23BB603216FC58000C73926 /* LaunchScreen.storyboard */,
				A23BB606216FC58000C73926 /* Info.plist */,
			);
			path = edU;
			sourceTree = "<group>";
		};
		A23BB60E216FC58000C73926 /* edUTests */ = {
			isa = PBXGroup;
			children = (
				A23BB60F216FC58000C73926 /* edUTests.swift */,
				A23BB611216FC58000C73926 /* Info.plist */,
			);
			path = edUTests;
			sourceTree = "<group>";
		};
		A23BB619216FC58000C73926 /* edUUITests */ = {
			isa = PBXGroup;
			children = (
				A23BB61A216FC58000C73926 /* edUUITests.swift */,
				A23BB61C216FC58000C73926 /* Info.plist */,
			);
			path = edUUITests;
			sourceTree = "<group>";
		};
/* End PBXGroup section */

/* Begin PBXNativeTarget section */
		A23BB5F6216FC58000C73926 /* edU */ = {
			isa = PBXNativeTarget;
			buildConfigurationList = A23BB61F216FC58000C73926 /* Build configuration list for PBXNativeTarget "edU" */;
			buildPhases = (
				A23BB5F3216FC58000C73926 /* Sources */,
				A23BB5F4216FC58000C73926 /* Frameworks */,
				A23BB5F5216FC58000C73926 /* Resources */,
			);
			buildRules = (
			);
			dependencies = (
			);
			name = edU;
			productName = edU;
			productReference = A23BB5F7216FC58000C73926 /* edU.app */;
			productType = "com.apple.product-type.application";
		};
		A23BB60A216FC58000C73926 /* edUTests */ = {
			isa = PBXNativeTarget;
			buildConfigurationList = A23BB622216FC58000C73926 /* Build configuration list for PBXNativeTarget "edUTests" */;
			buildPhases = (
				A23BB607216FC58000C73926 /* Sources */,
				A23BB608216FC58000C73926 /* Frameworks */,
				A23BB609216FC58000C73926 /* Resources */,
			);
			buildRules = (
			);
			dependencies = (
				A23BB60D216FC58000C73926 /* PBXTargetDependency */,
			);
			name = edUTests;
			productName = edUTests;
			productReference = A23BB60B216FC58000C73926 /* edUTests.xctest */;
			productType = "com.apple.product-type.bundle.unit-test";
		};
		A23BB615216FC58000C73926 /* edUUITests */ = {
			isa = PBXNativeTarget;
			buildConfigurationList = A23BB625216FC58000C73926 /* Build configuration list for PBXNativeTarget "edUUITests" */;
			buildPhases = (
				A23BB612216FC58000C73926 /* Sources */,
				A23BB613216FC58000C73926 /* Frameworks */,
				A23BB614216FC58000C73926 /* Resources */,
			);
			buildRules = (
			);
			dependencies = (
				A23BB618216FC58000C73926 /* PBXTargetDependency */,
			);
			name = edUUITests;
			productName = edUUITests;
			productReference = A23BB616216FC58000C73926 /* edUUITests.xctest */;
			productType = "com.apple.product-type.bundle.ui-testing";
		};
/* End PBXNativeTarget section */

/* Begin PBXProject section */
		A23BB5EF216FC58000C73926 /* Project object */ = {
			isa = PBXProject;
			attributes = {
				LastSwiftUpdateCheck = 0940;
				LastUpgradeCheck = 0940;
				ORGANIZATIONNAME = "CSE3311-Team 5-(ZG,GP,CH,TM)";
				TargetAttributes = {
					A23BB5F6216FC58000C73926 = {
						CreatedOnToolsVersion = 9.4;
					};
					A23BB60A216FC58000C73926 = {
						CreatedOnToolsVersion = 9.4;
						TestTargetID = A23BB5F6216FC58000C73926;
					};
					A23BB615216FC58000C73926 = {
						CreatedOnToolsVersion = 9.4;
						TestTargetID = A23BB5F6216FC58000C73926;
					};
				};
			};
			buildConfigurationList = A23BB5F2216FC58000C73926 /* Build configuration list for PBXProject "edU" */;
			compatibilityVersion = "Xcode 9.3";
			developmentRegion = en;
			hasScannedForEncodings = 0;
			knownRegions = (
				en,
				Base,
			);
			mainGroup = A23BB5EE216FC58000C73926;
			productRefGroup = A23BB5F8216FC58000C73926 /* Products */;
			projectDirPath = "";
			projectRoot = "";
			targets = (
				A23BB5F6216FC58000C73926 /* edU */,
				A23BB60A216FC58000C73926 /* edUTests */,
				A23BB615216FC58000C73926 /* edUUITests */,
			);
		};
/* End PBXProject section */

/* Begin PBXResourcesBuildPhase section */
		A23BB5F5216FC58000C73926 /* Resources */ = {
			isa = PBXResourcesBuildPhase;
			buildActionMask = 2147483647;
			files = (
				A23BB605216FC58000C73926 /* LaunchScreen.storyboard in Resources */,
				A23BB602216FC58000C73926 /* Assets.xcassets in Resources */,
				A23BB600216FC58000C73926 /* Main.storyboard in Resources */,
			);
			runOnlyForDeploymentPostprocessing = 0;
		};
		A23BB609216FC58000C73926 /* Resources */ = {
			isa = PBXResourcesBuildPhase;
			buildActionMask = 2147483647;
			files = (
			);
			runOnlyForDeploymentPostprocessing = 0;
		};
		A23BB614216FC58000C73926 /* Resources */ = {
			isa = PBXResourcesBuildPhase;
			buildActionMask = 2147483647;
			files = (
			);
			runOnlyForDeploymentPostprocessing = 0;
		};
/* End PBXResourcesBuildPhase section */

/* Begin PBXSourcesBuildPhase section */
		A23BB5F3216FC58000C73926 /* Sources */ = {
			isa = PBXSourcesBuildPhase;
			buildActionMask = 2147483647;
			files = (
				A23BB5FD216FC58000C73926 /* ViewController.swift in Sources */,
				A23BB5FB216FC58000C73926 /* AppDelegate.swift in Sources */,
			);
			runOnlyForDeploymentPostprocessing = 0;
		};
		A23BB607216FC58000C73926 /* Sources */ = {
			isa = PBXSourcesBuildPhase;
			buildActionMask = 2147483647;
			files = (
				A23BB610216FC58000C73926 /* edUTests.swift in Sources */,
			);
			runOnlyForDeploymentPostprocessing = 0;
		};
		A23BB612216FC58000C73926 /* Sources */ = {
			isa = PBXSourcesBuildPhase;
			buildActionMask = 2147483647;
			files = (
				A23BB61B216FC58000C73926 /* edUUITests.swift in Sources */,
			);
			runOnlyForDeploymentPostprocessing = 0;
		};
/* End PBXSourcesBuildPhase section */

/* Begin PBXTargetDependency section */
		A23BB60D216FC58000C73926 /* PBXTargetDependency */ = {
			isa = PBXTargetDependency;
			target = A23BB5F6216FC58000C73926 /* edU */;
			targetProxy = A23BB60C216FC58000C73926 /* PBXContainerItemProxy */;
		};
		A23BB618216FC58000C73926 /* PBXTargetDependency */ = {
			isa = PBXTargetDependency;
			target = A23BB5F6216FC58000C73926 /* edU */;
			targetProxy = A23BB617216FC58000C73926 /* PBXContainerItemProxy */;
		};
/* End PBXTargetDependency section */

/* Begin PBXVariantGroup section */
		A23BB5FE216FC58000C73926 /* Main.storyboard */ = {
			isa = PBXVariantGroup;
			children = (
				A23BB5FF216FC58000C73926 /* Base */,
			);
			name = Main.storyboard;
			sourceTree = "<group>";
		};
		A23BB603216FC58000C73926 /* LaunchScreen.storyboard */ = {
			isa = PBXVariantGroup;
			children = (
				A23BB604216FC58000C73926 /* Base */,
			);
			name = LaunchScreen.storyboard;
			sourceTree = "<group>";
		};
/* End PBXVariantGroup section */

/* Begin XCBuildConfiguration section */
		A23BB61D216FC58000C73926 /* Debug */ = {
			isa = XCBuildConfiguration;
			buildSettings = {
				ALWAYS_SEARCH_USER_PATHS = NO;
				CLANG_ANALYZER_NONNULL = YES;
				CLANG_ANALYZER_NUMBER_OBJECT_CONVERSION = YES_AGGRESSIVE;
				CLANG_CXX_LANGUAGE_STANDARD = "gnu++14";
				CLANG_CXX_LIBRARY = "libc++";
				CLANG_ENABLE_MODULES = YES;
				CLANG_ENABLE_OBJC_ARC = YES;
				CLANG_ENABLE_OBJC_WEAK = YES;
				CLANG_WARN_BLOCK_CAPTURE_AUTORELEASING = YES;
				CLANG_WARN_BOOL_CONVERSION = YES;
				CLANG_WARN_COMMA = YES;
				CLANG_WARN_CONSTANT_CONVERSION = YES;
				CLANG_WARN_DEPRECATED_OBJC_IMPLEMENTATIONS = YES;
				CLANG_WARN_DIRECT_OBJC_ISA_USAGE = YES_ERROR;
				CLANG_WARN_DOCUMENTATION_COMMENTS = YES;
				CLANG_WARN_EMPTY_BODY = YES;
				CLANG_WARN_ENUM_CONVERSION = YES;
				CLANG_WARN_INFINITE_RECURSION = YES;
				CLANG_WARN_INT_CONVERSION = YES;
				CLANG_WARN_NON_LITERAL_NULL_CONVERSION = YES;
				CLANG_WARN_OBJC_IMPLICIT_RETAIN_SELF = YES;
				CLANG_WARN_OBJC_LITERAL_CONVERSION = YES;
				CLANG_WARN_OBJC_ROOT_CLASS = YES_ERROR;
				CLANG_WARN_RANGE_LOOP_ANALYSIS = YES;
				CLANG_WARN_STRICT_PROTOTYPES = YES;
				CLANG_WARN_SUSPICIOUS_MOVE = YES;
				CLANG_WARN_UNGUARDED_AVAILABILITY = YES_AGGRESSIVE;
				CLANG_WARN_UNREACHABLE_CODE = YES;
				CLANG_WARN__DUPLICATE_METHOD_MATCH = YES;
				CODE_SIGN_IDENTITY = "iPhone Developer";
				COPY_PHASE_STRIP = NO;
				DEBUG_INFORMATION_FORMAT = dwarf;
				ENABLE_STRICT_OBJC_MSGSEND = YES;
				ENABLE_TESTABILITY = YES;
				GCC_C_LANGUAGE_STANDARD = gnu11;
				GCC_DYNAMIC_NO_PIC = NO;
				GCC_NO_COMMON_BLOCKS = YES;
				GCC_OPTIMIZATION_LEVEL = 0;
				GCC_PREPROCESSOR_DEFINITIONS = (
					"DEBUG=1",
					"$(inherited)",
				);
				GCC_WARN_64_TO_32_BIT_CONVERSION = YES;
				GCC_WARN_ABOUT_RETURN_TYPE = YES_ERROR;
				GCC_WARN_UNDECLARED_SELECTOR = YES;
				GCC_WARN_UNINITIALIZED_AUTOS = YES_AGGRESSIVE;
				GCC_WARN_UNUSED_FUNCTION = YES;
				GCC_WARN_UNUSED_VARIABLE = YES;
				IPHONEOS_DEPLOYMENT_TARGET = 11.4;
				MTL_ENABLE_DEBUG_INFO = YES;
				ONLY_ACTIVE_ARCH = YES;
				SDKROOT = iphoneos;
				SWIFT_ACTIVE_COMPILATION_CONDITIONS = DEBUG;
				SWIFT_OPTIMIZATION_LEVEL = "-Onone";
			};
			name = Debug;
		};
		A23BB61E216FC58000C73926 /* Release */ = {
			isa = XCBuildConfiguration;
			buildSettings = {
				ALWAYS_SEARCH_USER_PATHS = NO;
				CLANG_ANALYZER_NONNULL = YES;
				CLANG_ANALYZER_NUMBER_OBJECT_CONVERSION = YES_AGGRESSIVE;
				CLANG_CXX_LANGUAGE_STANDARD = "gnu++14";
				CLANG_CXX_LIBRARY = "libc++";
				CLANG_ENABLE_MODULES = YES;
				CLANG_ENABLE_OBJC_ARC = YES;
				CLANG_ENABLE_OBJC_WEAK = YES;
				CLANG_WARN_BLOCK_CAPTURE_AUTORELEASING = YES;
				CLANG_WARN_BOOL_CONVERSION = YES;
				CLANG_WARN_COMMA = YES;
				CLANG_WARN_CONSTANT_CONVERSION = YES;
				CLANG_WARN_DEPRECATED_OBJC_IMPLEMENTATIONS = YES;
				CLANG_WARN_DIRECT_OBJC_ISA_USAGE = YES_ERROR;
				CLANG_WARN_DOCUMENTATION_COMMENTS = YES;
				CLANG_WARN_EMPTY_BODY = YES;
				CLANG_WARN_ENUM_CONVERSION = YES;
				CLANG_WARN_INFINITE_RECURSION = YES;
				CLANG_WARN_INT_CONVERSION = YES;
				CLANG_WARN_NON_LITERAL_NULL_CONVERSION = YES;
				CLANG_WARN_OBJC_IMPLICIT_RETAIN_SELF = YES;
				CLANG_WARN_OBJC_LITERAL_CONVERSION = YES;
				CLANG_WARN_OBJC_ROOT_CLASS = YES_ERROR;
				CLANG_WARN_RANGE_LOOP_ANALYSIS = YES;
				CLANG_WARN_STRICT_PROTOTYPES = YES;
				CLANG_WARN_SUSPICIOUS_MOVE = YES;
				CLANG_WARN_UNGUARDED_AVAILABILITY = YES_AGGRESSIVE;
				CLANG_WARN_UNREACHABLE_CODE = YES;
				CLANG_WARN__DUPLICATE_METHOD_MATCH = YES;
				CODE_SIGN_IDENTITY = "iPhone Developer";
				COPY_PHASE_STRIP = NO;
				DEBUG_INFORMATION_FORMAT = "dwarf-with-dsym";
				ENABLE_NS_ASSERTIONS = NO;
				ENABLE_STRICT_OBJC_MSGSEND = YES;
				GCC_C_LANGUAGE_STANDARD = gnu11;
				GCC_NO_COMMON_BLOCKS = YES;
				GCC_WARN_64_TO_32_BIT_CONVERSION = YES;
				GCC_WARN_ABOUT_RETURN_TYPE = YES_ERROR;
				GCC_WARN_UNDECLARED_SELECTOR = YES;
				GCC_WARN_UNINITIALIZED_AUTOS = YES_AGGRESSIVE;
				GCC_WARN_UNUSED_FUNCTION = YES;
				GCC_WARN_UNUSED_VARIABLE = YES;
				IPHONEOS_DEPLOYMENT_TARGET = 11.4;
				MTL_ENABLE_DEBUG_INFO = NO;
				SDKROOT = iphoneos;
				SWIFT_COMPILATION_MODE = wholemodule;
				SWIFT_OPTIMIZATION_LEVEL = "-O";
				VALIDATE_PRODUCT = YES;
			};
			name = Release;
		};
		A23BB620216FC58000C73926 /* Debug */ = {
			isa = XCBuildConfiguration;
			buildSettings = {
				ASSETCATALOG_COMPILER_APPICON_NAME = AppIcon;
				CODE_SIGN_STYLE = Automatic;
				INFOPLIST_FILE = edU/Info.plist;
				LD_RUNPATH_SEARCH_PATHS = (
					"$(inherited)",
					"@executable_path/Frameworks",
				);
				PRODUCT_BUNDLE_IDENTIFIER = UTA.edU;
				PRODUCT_NAME = "$(TARGET_NAME)";
				SWIFT_VERSION = 4.0;
				TARGETED_DEVICE_FAMILY = "1,2";
			};
			name = Debug;
		};
		A23BB621216FC58000C73926 /* Release */ = {
			isa = XCBuildConfiguration;
			buildSettings = {
				ASSETCATALOG_COMPILER_APPICON_NAME = AppIcon;
				CODE_SIGN_STYLE = Automatic;
				INFOPLIST_FILE = edU/Info.plist;
				LD_RUNPATH_SEARCH_PATHS = (
					"$(inherited)",
					"@executable_path/Frameworks",
				);
				PRODUCT_BUNDLE_IDENTIFIER = UTA.edU;
				PRODUCT_NAME = "$(TARGET_NAME)";
				SWIFT_VERSION = 4.0;
				TARGETED_DEVICE_FAMILY = "1,2";
			};
			name = Release;
		};
		A23BB623216FC58000C73926 /* Debug */ = {
			isa = XCBuildConfiguration;
			buildSettings = {
				ALWAYS_EMBED_SWIFT_STANDARD_LIBRARIES = YES;
				BUNDLE_LOADER = "$(TEST_HOST)";
				CODE_SIGN_STYLE = Automatic;
				INFOPLIST_FILE = edUTests/Info.plist;
				LD_RUNPATH_SEARCH_PATHS = (
					"$(inherited)",
					"@executable_path/Frameworks",
					"@loader_path/Frameworks",
				);
				PRODUCT_BUNDLE_IDENTIFIER = UTA.edUTests;
				PRODUCT_NAME = "$(TARGET_NAME)";
				SWIFT_VERSION = 4.0;
				TARGETED_DEVICE_FAMILY = "1,2";
				TEST_HOST = "$(BUILT_PRODUCTS_DIR)/edU.app/edU";
			};
			name = Debug;
		};
		A23BB624216FC58000C73926 /* Release */ = {
			isa = XCBuildConfiguration;
			buildSettings = {
				ALWAYS_EMBED_SWIFT_STANDARD_LIBRARIES = YES;
				BUNDLE_LOADER = "$(TEST_HOST)";
				CODE_SIGN_STYLE = Automatic;
				INFOPLIST_FILE = edUTests/Info.plist;
				LD_RUNPATH_SEARCH_PATHS = (
					"$(inherited)",
					"@executable_path/Frameworks",
					"@loader_path/Frameworks",
				);
				PRODUCT_BUNDLE_IDENTIFIER = UTA.edUTests;
				PRODUCT_NAME = "$(TARGET_NAME)";
				SWIFT_VERSION = 4.0;
				TARGETED_DEVICE_FAMILY = "1,2";
				TEST_HOST = "$(BUILT_PRODUCTS_DIR)/edU.app/edU";
			};
			name = Release;
		};
		A23BB626216FC58000C73926 /* Debug */ = {
			isa = XCBuildConfiguration;
			buildSettings = {
				ALWAYS_EMBED_SWIFT_STANDARD_LIBRARIES = YES;
				CODE_SIGN_STYLE = Automatic;
				INFOPLIST_FILE = edUUITests/Info.plist;
				LD_RUNPATH_SEARCH_PATHS = (
					"$(inherited)",
					"@executable_path/Frameworks",
					"@loader_path/Frameworks",
				);
				PRODUCT_BUNDLE_IDENTIFIER = UTA.edUUITests;
				PRODUCT_NAME = "$(TARGET_NAME)";
				SWIFT_VERSION = 4.0;
				TARGETED_DEVICE_FAMILY = "1,2";
				TEST_TARGET_NAME = edU;
			};
			name = Debug;
		};
		A23BB627216FC58000C73926 /* Release */ = {
			isa = XCBuildConfiguration;
			buildSettings = {
				ALWAYS_EMBED_SWIFT_STANDARD_LIBRARIES = YES;
				CODE_SIGN_STYLE = Automatic;
				INFOPLIST_FILE = edUUITests/Info.plist;
				LD_RUNPATH_SEARCH_PATHS = (
					"$(inherited)",
					"@executable_path/Frameworks",
					"@loader_path/Frameworks",
				);
				PRODUCT_BUNDLE_IDENTIFIER = UTA.edUUITests;
				PRODUCT_NAME = "$(TARGET_NAME)";
				SWIFT_VERSION = 4.0;
				TARGETED_DEVICE_FAMILY = "1,2";
				TEST_TARGET_NAME = edU;
			};
			name = Release;
		};
/* End XCBuildConfiguration section */

/* Begin XCConfigurationList section */
		A23BB5F2216FC58000C73926 /* Build configuration list for PBXProject "edU" */ = {
			isa = XCConfigurationList;
			buildConfigurations = (
				A23BB61D216FC58000C73926 /* Debug */,
				A23BB61E216FC58000C73926 /* Release */,
			);
			defaultConfigurationIsVisible = 0;
			defaultConfigurationName = Release;
		};
		A23BB61F216FC58000C73926 /* Build configuration list for PBXNativeTarget "edU" */ = {
			isa = XCConfigurationList;
			buildConfigurations = (
				A23BB620216FC58000C73926 /* Debug */,
				A23BB621216FC58000C73926 /* Release */,
			);
			defaultConfigurationIsVisible = 0;
			defaultConfigurationName = Release;
		};
		A23BB622216FC58000C73926 /* Build configuration list for PBXNativeTarget "edUTests" */ = {
			isa = XCConfigurationList;
			buildConfigurations = (
				A23BB623216FC58000C73926 /* Debug */,
				A23BB624216FC58000C73926 /* Release */,
			);
			defaultConfigurationIsVisible = 0;
			defaultConfigurationName = Release;
		};
		A23BB625216FC58000C73926 /* Build configuration list for PBXNativeTarget "edUUITests" */ = {
			isa = XCConfigurationList;
			buildConfigurations = (
				A23BB626216FC58000C73926 /* Debug */,
				A23BB627216FC58000C73926 /* Release */,
			);
			defaultConfigurationIsVisible = 0;
			defaultConfigurationName = Release;
		};
/* End XCConfigurationList section */
	};
	rootObject = A23BB5EF216FC58000C73926 /* Project object */;
}
