// !$*UTF8*$!
{
	archiveVersion = 1;
	classes = {
	};
	objectVersion = 50;
	objects = {

/* Begin PBXBuildFile section */
		2618987921AB628500243D0A /* Assets.xcassets in Resources */ = {isa = PBXBuildFile; fileRef = 2618987821AB628500243D0A /* Assets.xcassets */; };
		2618987F21AB92BE00243D0A /* LessonsViewController.swift in Sources */ = {isa = PBXBuildFile; fileRef = 2618987E21AB92BE00243D0A /* LessonsViewController.swift */; };
		2618988121AB958F00243D0A /* SingleLessonViewController.swift in Sources */ = {isa = PBXBuildFile; fileRef = 2618988021AB958F00243D0A /* SingleLessonViewController.swift */; };
		2618988521ABA61100243D0A /* NumberClassifier.mlmodel in Sources */ = {isa = PBXBuildFile; fileRef = 2618988221ABA61000243D0A /* NumberClassifier.mlmodel */; };
		2618988621ABA61100243D0A /* ShapeClassifier.mlmodel in Sources */ = {isa = PBXBuildFile; fileRef = 2618988321ABA61000243D0A /* ShapeClassifier.mlmodel */; };
		2618988721ABA61100243D0A /* AlphabetClassifier.mlmodel in Sources */ = {isa = PBXBuildFile; fileRef = 2618988421ABA61000243D0A /* AlphabetClassifier.mlmodel */; };
		261898CF21ABAD1F00243D0A /* fun.m4a in Resources */ = {isa = PBXBuildFile; fileRef = 2618988A21ABAD1F00243D0A /* fun.m4a */; };
		261898D021ABAD1F00243D0A /* sat.m4a in Resources */ = {isa = PBXBuildFile; fileRef = 2618988B21ABAD1F00243D0A /* sat.m4a */; };
		261898D121ABAD1F00243D0A /* dog.m4a in Resources */ = {isa = PBXBuildFile; fileRef = 2618988C21ABAD1F00243D0A /* dog.m4a */; };
		261898D221ABAD1F00243D0A /* fit.m4a in Resources */ = {isa = PBXBuildFile; fileRef = 2618988D21ABAD1F00243D0A /* fit.m4a */; };
		261898D321ABAD1F00243D0A /* cat.m4a in Resources */ = {isa = PBXBuildFile; fileRef = 2618988E21ABAD1F00243D0A /* cat.m4a */; };
		261898D421ABAD1F00243D0A /* leg.m4a in Resources */ = {isa = PBXBuildFile; fileRef = 2618988F21ABAD1F00243D0A /* leg.m4a */; };
		261898D521ABAD1F00243D0A /* run.m4a in Resources */ = {isa = PBXBuildFile; fileRef = 2618989021ABAD1F00243D0A /* run.m4a */; };
		261898D621ABAD1F00243D0A /* red.m4a in Resources */ = {isa = PBXBuildFile; fileRef = 2618989121ABAD1F00243D0A /* red.m4a */; };
		261898D721ABAD1F00243D0A /* jam.m4a in Resources */ = {isa = PBXBuildFile; fileRef = 2618989221ABAD1F00243D0A /* jam.m4a */; };
		261898D821ABAD1F00243D0A /* box.m4a in Resources */ = {isa = PBXBuildFile; fileRef = 2618989321ABAD1F00243D0A /* box.m4a */; };
		261898D921ABAD1F00243D0A /* pet.m4a in Resources */ = {isa = PBXBuildFile; fileRef = 2618989421ABAD1F00243D0A /* pet.m4a */; };
		261898DA21ABAD1F00243D0A /* bug.m4a in Resources */ = {isa = PBXBuildFile; fileRef = 2618989521ABAD1F00243D0A /* bug.m4a */; };
		261898DB21ABAD1F00243D0A /* triangle.m4a in Resources */ = {isa = PBXBuildFile; fileRef = 2618989721ABAD1F00243D0A /* triangle.m4a */; };
		261898DC21ABAD1F00243D0A /* circle.m4a in Resources */ = {isa = PBXBuildFile; fileRef = 2618989821ABAD1F00243D0A /* circle.m4a */; };
		261898DD21ABAD1F00243D0A /* rectangle.m4a in Resources */ = {isa = PBXBuildFile; fileRef = 2618989921ABAD1F00243D0A /* rectangle.m4a */; };
		261898DE21ABAD1F00243D0A /* oval.m4a in Resources */ = {isa = PBXBuildFile; fileRef = 2618989A21ABAD1F00243D0A /* oval.m4a */; };
		261898DF21ABAD1F00243D0A /* trapezoid.m4a in Resources */ = {isa = PBXBuildFile; fileRef = 2618989B21ABAD1F00243D0A /* trapezoid.m4a */; };
		261898E021ABAD1F00243D0A /* diamond.m4a in Resources */ = {isa = PBXBuildFile; fileRef = 2618989C21ABAD1F00243D0A /* diamond.m4a */; };
		261898E121ABAD1F00243D0A /* heart.m4a in Resources */ = {isa = PBXBuildFile; fileRef = 2618989D21ABAD1F00243D0A /* heart.m4a */; };
		261898E221ABAD1F00243D0A /* square.m4a in Resources */ = {isa = PBXBuildFile; fileRef = 2618989E21ABAD1F00243D0A /* square.m4a */; };
		261898E321ABAD1F00243D0A /* star.m4a in Resources */ = {isa = PBXBuildFile; fileRef = 2618989F21ABAD1F00243D0A /* star.m4a */; };
		261898E421ABAD1F00243D0A /* 8.m4a in Resources */ = {isa = PBXBuildFile; fileRef = 261898A121ABAD1F00243D0A /* 8.m4a */; };
		261898E521ABAD1F00243D0A /* 9.m4a in Resources */ = {isa = PBXBuildFile; fileRef = 261898A221ABAD1F00243D0A /* 9.m4a */; };
		261898E621ABAD1F00243D0A /* 1.m4a in Resources */ = {isa = PBXBuildFile; fileRef = 261898A321ABAD1F00243D0A /* 1.m4a */; };
		261898E721ABAD1F00243D0A /* 0.m4a in Resources */ = {isa = PBXBuildFile; fileRef = 261898A421ABAD1F00243D0A /* 0.m4a */; };
		261898E821ABAD1F00243D0A /* 2.m4a in Resources */ = {isa = PBXBuildFile; fileRef = 261898A521ABAD1F00243D0A /* 2.m4a */; };
		261898E921ABAD1F00243D0A /* 3.m4a in Resources */ = {isa = PBXBuildFile; fileRef = 261898A621ABAD1F00243D0A /* 3.m4a */; };
		261898EA21ABAD1F00243D0A /* 7.m4a in Resources */ = {isa = PBXBuildFile; fileRef = 261898A721ABAD1F00243D0A /* 7.m4a */; };
		261898EB21ABAD1F00243D0A /* 6.m4a in Resources */ = {isa = PBXBuildFile; fileRef = 261898A821ABAD1F00243D0A /* 6.m4a */; };
		261898EC21ABAD1F00243D0A /* 4.m4a in Resources */ = {isa = PBXBuildFile; fileRef = 261898A921ABAD1F00243D0A /* 4.m4a */; };
		261898ED21ABAD1F00243D0A /* 5.m4a in Resources */ = {isa = PBXBuildFile; fileRef = 261898AA21ABAD1F00243D0A /* 5.m4a */; };
		261898EE21ABAD1F00243D0A /* n.m4a in Resources */ = {isa = PBXBuildFile; fileRef = 261898AC21ABAD1F00243D0A /* n.m4a */; };
		261898EF21ABAD1F00243D0A /* y.m4a in Resources */ = {isa = PBXBuildFile; fileRef = 261898AD21ABAD1F00243D0A /* y.m4a */; };
		261898F021ABAD1F00243D0A /* x.m4a in Resources */ = {isa = PBXBuildFile; fileRef = 261898AE21ABAD1F00243D0A /* x.m4a */; };
		261898F121ABAD1F00243D0A /* o.m4a in Resources */ = {isa = PBXBuildFile; fileRef = 261898AF21ABAD1F00243D0A /* o.m4a */; };
		261898F221ABAD1F00243D0A /* m.m4a in Resources */ = {isa = PBXBuildFile; fileRef = 261898B021ABAD1F00243D0A /* m.m4a */; };
		261898F321ABAD1F00243D0A /* z.m4a in Resources */ = {isa = PBXBuildFile; fileRef = 261898B121ABAD1F00243D0A /* z.m4a */; };
		261898F421ABAD1F00243D0A /* l.m4a in Resources */ = {isa = PBXBuildFile; fileRef = 261898B221ABAD1F00243D0A /* l.m4a */; };
		261898F521ABAD1F00243D0A /* h.m4a in Resources */ = {isa = PBXBuildFile; fileRef = 261898B321ABAD1F00243D0A /* h.m4a */; };
		261898F621ABAD1F00243D0A /* i.m4a in Resources */ = {isa = PBXBuildFile; fileRef = 261898B421ABAD1F00243D0A /* i.m4a */; };
		261898F721ABAD1F00243D0A /* k.m4a in Resources */ = {isa = PBXBuildFile; fileRef = 261898B521ABAD1F00243D0A /* k.m4a */; };
		261898F821ABAD1F00243D0A /* j.m4a in Resources */ = {isa = PBXBuildFile; fileRef = 261898B621ABAD1F00243D0A /* j.m4a */; };
		261898F921ABAD1F00243D0A /* p.m4a in Resources */ = {isa = PBXBuildFile; fileRef = 261898B721ABAD1F00243D0A /* p.m4a */; };
		261898FA21ABAD1F00243D0A /* g.m4a in Resources */ = {isa = PBXBuildFile; fileRef = 261898B821ABAD1F00243D0A /* g.m4a */; };
		261898FB21ABAD1F00243D0A /* f.m4a in Resources */ = {isa = PBXBuildFile; fileRef = 261898B921ABAD1F00243D0A /* f.m4a */; };
		261898FC21ABAD1F00243D0A /* q.m4a in Resources */ = {isa = PBXBuildFile; fileRef = 261898BA21ABAD1F00243D0A /* q.m4a */; };
		261898FD21ABAD1F00243D0A /* s.m4a in Resources */ = {isa = PBXBuildFile; fileRef = 261898BB21ABAD1F00243D0A /* s.m4a */; };
		261898FE21ABAD1F00243D0A /* d.m4a in Resources */ = {isa = PBXBuildFile; fileRef = 261898BC21ABAD1F00243D0A /* d.m4a */; };
		261898FF21ABAD1F00243D0A /* e.m4a in Resources */ = {isa = PBXBuildFile; fileRef = 261898BD21ABAD1F00243D0A /* e.m4a */; };
		2618990021ABAD1F00243D0A /* r.m4a in Resources */ = {isa = PBXBuildFile; fileRef = 261898BE21ABAD1F00243D0A /* r.m4a */; };
		2618990121ABAD1F00243D0A /* a.m4a in Resources */ = {isa = PBXBuildFile; fileRef = 261898BF21ABAD1F00243D0A /* a.m4a */; };
		2618990221ABAD1F00243D0A /* v.m4a in Resources */ = {isa = PBXBuildFile; fileRef = 261898C021ABAD1F00243D0A /* v.m4a */; };
		2618990321ABAD1F00243D0A /* w.m4a in Resources */ = {isa = PBXBuildFile; fileRef = 261898C121ABAD1F00243D0A /* w.m4a */; };
		2618990421ABAD1F00243D0A /* b.m4a in Resources */ = {isa = PBXBuildFile; fileRef = 261898C221ABAD1F00243D0A /* b.m4a */; };
		2618990521ABAD1F00243D0A /* u.m4a in Resources */ = {isa = PBXBuildFile; fileRef = 261898C321ABAD1F00243D0A /* u.m4a */; };
		2618990621ABAD1F00243D0A /* t.m4a in Resources */ = {isa = PBXBuildFile; fileRef = 261898C421ABAD1F00243D0A /* t.m4a */; };
		2618990721ABAD1F00243D0A /* c.m4a in Resources */ = {isa = PBXBuildFile; fileRef = 261898C521ABAD1F00243D0A /* c.m4a */; };
		2618990821ABAD1F00243D0A /* 3+5.m4a in Resources */ = {isa = PBXBuildFile; fileRef = 261898C721ABAD1F00243D0A /* 3+5.m4a */; };
		2618990921ABAD1F00243D0A /* 1+1.m4a in Resources */ = {isa = PBXBuildFile; fileRef = 261898C821ABAD1F00243D0A /* 1+1.m4a */; };
		2618990A21ABAD1F00243D0A /* 3+2.m4a in Resources */ = {isa = PBXBuildFile; fileRef = 261898C921ABAD1F00243D0A /* 3+2.m4a */; };
		2618990B21ABAD1F00243D0A /* 6+1.m4a in Resources */ = {isa = PBXBuildFile; fileRef = 261898CA21ABAD1F00243D0A /* 6+1.m4a */; };
		2618990C21ABAD1F00243D0A /* 4+2.m4a in Resources */ = {isa = PBXBuildFile; fileRef = 261898CB21ABAD1F00243D0A /* 4+2.m4a */; };
		2618990D21ABAD1F00243D0A /* 2+1.m4a in Resources */ = {isa = PBXBuildFile; fileRef = 261898CC21ABAD1F00243D0A /* 2+1.m4a */; };
		2618990E21ABAD1F00243D0A /* 4+5.m4a in Resources */ = {isa = PBXBuildFile; fileRef = 261898CD21ABAD1F00243D0A /* 4+5.m4a */; };
		2618990F21ABAD1F00243D0A /* 2+2.m4a in Resources */ = {isa = PBXBuildFile; fileRef = 261898CE21ABAD1F00243D0A /* 2+2.m4a */; };
		26A2CEE021731DD6009D6BE2 /* AppDelegate.swift in Sources */ = {isa = PBXBuildFile; fileRef = 26A2CEDD21731DD6009D6BE2 /* AppDelegate.swift */; };
		26A2CEE121731DD7009D6BE2 /* GoogleService-Info.plist in Resources */ = {isa = PBXBuildFile; fileRef = 26A2CEDE21731DD6009D6BE2 /* GoogleService-Info.plist */; };
		26A2CEE221731DD7009D6BE2 /* ViewController.swift in Sources */ = {isa = PBXBuildFile; fileRef = 26A2CEDF21731DD6009D6BE2 /* ViewController.swift */; };
		26E239452173190600E3A302 /* UIKit.framework in Frameworks */ = {isa = PBXBuildFile; fileRef = 26E239442173190600E3A302 /* UIKit.framework */; };
		525BF2DA99F7AA8824E4F4C2 /* Pods_edUUITests.framework in Frameworks */ = {isa = PBXBuildFile; fileRef = C2938B92FB9B9F1F9A669D7F /* Pods_edUUITests.framework */; };
		52DF38FFD482E39C9D0D073B /* Pods_edU.framework in Frameworks */ = {isa = PBXBuildFile; fileRef = 80E2B4012D5AA1C16286C825 /* Pods_edU.framework */; };
		A232798D216FDBD500A70E6D /* Main.storyboard in Resources */ = {isa = PBXBuildFile; fileRef = A232798B216FDBD500A70E6D /* Main.storyboard */; };
		A2327992216FDBD500A70E6D /* LaunchScreen.storyboard in Resources */ = {isa = PBXBuildFile; fileRef = A2327990216FDBD500A70E6D /* LaunchScreen.storyboard */; };
		A232799D216FDBD500A70E6D /* edUTests.swift in Sources */ = {isa = PBXBuildFile; fileRef = A232799C216FDBD500A70E6D /* edUTests.swift */; };
		A23279A8216FDBD600A70E6D /* edUUITests.swift in Sources */ = {isa = PBXBuildFile; fileRef = A23279A7216FDBD600A70E6D /* edUUITests.swift */; };
		D17A5B8D8ECC1537CE4BCE13 /* Pods_edUTests.framework in Frameworks */ = {isa = PBXBuildFile; fileRef = 459132CF19970EB40BC2D535 /* Pods_edUTests.framework */; };
/* End PBXBuildFile section */

/* Begin PBXContainerItemProxy section */
		A2327999216FDBD500A70E6D /* PBXContainerItemProxy */ = {
			isa = PBXContainerItemProxy;
			containerPortal = A232797C216FDBD500A70E6D /* Project object */;
			proxyType = 1;
			remoteGlobalIDString = A2327983216FDBD500A70E6D;
			remoteInfo = edU;
		};
		A23279A4216FDBD600A70E6D /* PBXContainerItemProxy */ = {
			isa = PBXContainerItemProxy;
			containerPortal = A232797C216FDBD500A70E6D /* Project object */;
			proxyType = 1;
			remoteGlobalIDString = A2327983216FDBD500A70E6D;
			remoteInfo = edU;
		};
/* End PBXContainerItemProxy section */

/* Begin PBXFileReference section */
		2618987821AB628500243D0A /* Assets.xcassets */ = {isa = PBXFileReference; lastKnownFileType = folder.assetcatalog; name = Assets.xcassets; path = edu/Assets.xcassets; sourceTree = SOURCE_ROOT; };
		2618987E21AB92BE00243D0A /* LessonsViewController.swift */ = {isa = PBXFileReference; lastKnownFileType = sourcecode.swift; name = LessonsViewController.swift; path = edu/LessonsViewController.swift; sourceTree = SOURCE_ROOT; };
		2618988021AB958F00243D0A /* SingleLessonViewController.swift */ = {isa = PBXFileReference; lastKnownFileType = sourcecode.swift; name = SingleLessonViewController.swift; path = edu/SingleLessonViewController.swift; sourceTree = SOURCE_ROOT; };
		2618988221ABA61000243D0A /* NumberClassifier.mlmodel */ = {isa = PBXFileReference; lastKnownFileType = file.mlmodel; name = NumberClassifier.mlmodel; path = edu/NumberClassifier.mlmodel; sourceTree = SOURCE_ROOT; };
		2618988321ABA61000243D0A /* ShapeClassifier.mlmodel */ = {isa = PBXFileReference; lastKnownFileType = file.mlmodel; name = ShapeClassifier.mlmodel; path = edu/ShapeClassifier.mlmodel; sourceTree = SOURCE_ROOT; };
		2618988421ABA61000243D0A /* AlphabetClassifier.mlmodel */ = {isa = PBXFileReference; lastKnownFileType = file.mlmodel; name = AlphabetClassifier.mlmodel; path = edu/AlphabetClassifier.mlmodel; sourceTree = SOURCE_ROOT; };
		2618988A21ABAD1F00243D0A /* fun.m4a */ = {isa = PBXFileReference; lastKnownFileType = file; path = fun.m4a; sourceTree = "<group>"; };
		2618988B21ABAD1F00243D0A /* sat.m4a */ = {isa = PBXFileReference; lastKnownFileType = file; path = sat.m4a; sourceTree = "<group>"; };
		2618988C21ABAD1F00243D0A /* dog.m4a */ = {isa = PBXFileReference; lastKnownFileType = file; path = dog.m4a; sourceTree = "<group>"; };
		2618988D21ABAD1F00243D0A /* fit.m4a */ = {isa = PBXFileReference; lastKnownFileType = file; path = fit.m4a; sourceTree = "<group>"; };
		2618988E21ABAD1F00243D0A /* cat.m4a */ = {isa = PBXFileReference; lastKnownFileType = file; path = cat.m4a; sourceTree = "<group>"; };
		2618988F21ABAD1F00243D0A /* leg.m4a */ = {isa = PBXFileReference; lastKnownFileType = file; path = leg.m4a; sourceTree = "<group>"; };
		2618989021ABAD1F00243D0A /* run.m4a */ = {isa = PBXFileReference; lastKnownFileType = file; path = run.m4a; sourceTree = "<group>"; };
		2618989121ABAD1F00243D0A /* red.m4a */ = {isa = PBXFileReference; lastKnownFileType = file; path = red.m4a; sourceTree = "<group>"; };
		2618989221ABAD1F00243D0A /* jam.m4a */ = {isa = PBXFileReference; lastKnownFileType = file; path = jam.m4a; sourceTree = "<group>"; };
		2618989321ABAD1F00243D0A /* box.m4a */ = {isa = PBXFileReference; lastKnownFileType = file; path = box.m4a; sourceTree = "<group>"; };
		2618989421ABAD1F00243D0A /* pet.m4a */ = {isa = PBXFileReference; lastKnownFileType = file; path = pet.m4a; sourceTree = "<group>"; };
		2618989521ABAD1F00243D0A /* bug.m4a */ = {isa = PBXFileReference; lastKnownFileType = file; path = bug.m4a; sourceTree = "<group>"; };
		2618989721ABAD1F00243D0A /* triangle.m4a */ = {isa = PBXFileReference; lastKnownFileType = file; path = triangle.m4a; sourceTree = "<group>"; };
		2618989821ABAD1F00243D0A /* circle.m4a */ = {isa = PBXFileReference; lastKnownFileType = file; path = circle.m4a; sourceTree = "<group>"; };
		2618989921ABAD1F00243D0A /* rectangle.m4a */ = {isa = PBXFileReference; lastKnownFileType = file; path = rectangle.m4a; sourceTree = "<group>"; };
		2618989A21ABAD1F00243D0A /* oval.m4a */ = {isa = PBXFileReference; lastKnownFileType = file; path = oval.m4a; sourceTree = "<group>"; };
		2618989B21ABAD1F00243D0A /* trapezoid.m4a */ = {isa = PBXFileReference; lastKnownFileType = file; path = trapezoid.m4a; sourceTree = "<group>"; };
		2618989C21ABAD1F00243D0A /* diamond.m4a */ = {isa = PBXFileReference; lastKnownFileType = file; path = diamond.m4a; sourceTree = "<group>"; };
		2618989D21ABAD1F00243D0A /* heart.m4a */ = {isa = PBXFileReference; lastKnownFileType = file; path = heart.m4a; sourceTree = "<group>"; };
		2618989E21ABAD1F00243D0A /* square.m4a */ = {isa = PBXFileReference; lastKnownFileType = file; path = square.m4a; sourceTree = "<group>"; };
		2618989F21ABAD1F00243D0A /* star.m4a */ = {isa = PBXFileReference; lastKnownFileType = file; path = star.m4a; sourceTree = "<group>"; };
		261898A121ABAD1F00243D0A /* 8.m4a */ = {isa = PBXFileReference; lastKnownFileType = file; path = 8.m4a; sourceTree = "<group>"; };
		261898A221ABAD1F00243D0A /* 9.m4a */ = {isa = PBXFileReference; lastKnownFileType = file; path = 9.m4a; sourceTree = "<group>"; };
		261898A321ABAD1F00243D0A /* 1.m4a */ = {isa = PBXFileReference; lastKnownFileType = file; path = 1.m4a; sourceTree = "<group>"; };
		261898A421ABAD1F00243D0A /* 0.m4a */ = {isa = PBXFileReference; lastKnownFileType = file; path = 0.m4a; sourceTree = "<group>"; };
		261898A521ABAD1F00243D0A /* 2.m4a */ = {isa = PBXFileReference; lastKnownFileType = file; path = 2.m4a; sourceTree = "<group>"; };
		261898A621ABAD1F00243D0A /* 3.m4a */ = {isa = PBXFileReference; lastKnownFileType = file; path = 3.m4a; sourceTree = "<group>"; };
		261898A721ABAD1F00243D0A /* 7.m4a */ = {isa = PBXFileReference; lastKnownFileType = file; path = 7.m4a; sourceTree = "<group>"; };
		261898A821ABAD1F00243D0A /* 6.m4a */ = {isa = PBXFileReference; lastKnownFileType = file; path = 6.m4a; sourceTree = "<group>"; };
		261898A921ABAD1F00243D0A /* 4.m4a */ = {isa = PBXFileReference; lastKnownFileType = file; path = 4.m4a; sourceTree = "<group>"; };
		261898AA21ABAD1F00243D0A /* 5.m4a */ = {isa = PBXFileReference; lastKnownFileType = file; path = 5.m4a; sourceTree = "<group>"; };
		261898AC21ABAD1F00243D0A /* n.m4a */ = {isa = PBXFileReference; lastKnownFileType = file; path = n.m4a; sourceTree = "<group>"; };
		261898AD21ABAD1F00243D0A /* y.m4a */ = {isa = PBXFileReference; lastKnownFileType = file; path = y.m4a; sourceTree = "<group>"; };
		261898AE21ABAD1F00243D0A /* x.m4a */ = {isa = PBXFileReference; lastKnownFileType = file; path = x.m4a; sourceTree = "<group>"; };
		261898AF21ABAD1F00243D0A /* o.m4a */ = {isa = PBXFileReference; lastKnownFileType = file; path = o.m4a; sourceTree = "<group>"; };
		261898B021ABAD1F00243D0A /* m.m4a */ = {isa = PBXFileReference; lastKnownFileType = file; path = m.m4a; sourceTree = "<group>"; };
		261898B121ABAD1F00243D0A /* z.m4a */ = {isa = PBXFileReference; lastKnownFileType = file; path = z.m4a; sourceTree = "<group>"; };
		261898B221ABAD1F00243D0A /* l.m4a */ = {isa = PBXFileReference; lastKnownFileType = file; path = l.m4a; sourceTree = "<group>"; };
		261898B321ABAD1F00243D0A /* h.m4a */ = {isa = PBXFileReference; lastKnownFileType = file; path = h.m4a; sourceTree = "<group>"; };
		261898B421ABAD1F00243D0A /* i.m4a */ = {isa = PBXFileReference; lastKnownFileType = file; path = i.m4a; sourceTree = "<group>"; };
		261898B521ABAD1F00243D0A /* k.m4a */ = {isa = PBXFileReference; lastKnownFileType = file; path = k.m4a; sourceTree = "<group>"; };
		261898B621ABAD1F00243D0A /* j.m4a */ = {isa = PBXFileReference; lastKnownFileType = file; path = j.m4a; sourceTree = "<group>"; };
		261898B721ABAD1F00243D0A /* p.m4a */ = {isa = PBXFileReference; lastKnownFileType = file; path = p.m4a; sourceTree = "<group>"; };
		261898B821ABAD1F00243D0A /* g.m4a */ = {isa = PBXFileReference; lastKnownFileType = file; path = g.m4a; sourceTree = "<group>"; };
		261898B921ABAD1F00243D0A /* f.m4a */ = {isa = PBXFileReference; lastKnownFileType = file; path = f.m4a; sourceTree = "<group>"; };
		261898BA21ABAD1F00243D0A /* q.m4a */ = {isa = PBXFileReference; lastKnownFileType = file; path = q.m4a; sourceTree = "<group>"; };
		261898BB21ABAD1F00243D0A /* s.m4a */ = {isa = PBXFileReference; lastKnownFileType = file; path = s.m4a; sourceTree = "<group>"; };
		261898BC21ABAD1F00243D0A /* d.m4a */ = {isa = PBXFileReference; lastKnownFileType = file; path = d.m4a; sourceTree = "<group>"; };
		261898BD21ABAD1F00243D0A /* e.m4a */ = {isa = PBXFileReference; lastKnownFileType = file; path = e.m4a; sourceTree = "<group>"; };
		261898BE21ABAD1F00243D0A /* r.m4a */ = {isa = PBXFileReference; lastKnownFileType = file; path = r.m4a; sourceTree = "<group>"; };
		261898BF21ABAD1F00243D0A /* a.m4a */ = {isa = PBXFileReference; lastKnownFileType = file; path = a.m4a; sourceTree = "<group>"; };
		261898C021ABAD1F00243D0A /* v.m4a */ = {isa = PBXFileReference; lastKnownFileType = file; path = v.m4a; sourceTree = "<group>"; };
		261898C121ABAD1F00243D0A /* w.m4a */ = {isa = PBXFileReference; lastKnownFileType = file; path = w.m4a; sourceTree = "<group>"; };
		261898C221ABAD1F00243D0A /* b.m4a */ = {isa = PBXFileReference; lastKnownFileType = file; path = b.m4a; sourceTree = "<group>"; };
		261898C321ABAD1F00243D0A /* u.m4a */ = {isa = PBXFileReference; lastKnownFileType = file; path = u.m4a; sourceTree = "<group>"; };
		261898C421ABAD1F00243D0A /* t.m4a */ = {isa = PBXFileReference; lastKnownFileType = file; path = t.m4a; sourceTree = "<group>"; };
		261898C521ABAD1F00243D0A /* c.m4a */ = {isa = PBXFileReference; lastKnownFileType = file; path = c.m4a; sourceTree = "<group>"; };
		261898C721ABAD1F00243D0A /* 3+5.m4a */ = {isa = PBXFileReference; lastKnownFileType = file; path = "3+5.m4a"; sourceTree = "<group>"; };
		261898C821ABAD1F00243D0A /* 1+1.m4a */ = {isa = PBXFileReference; lastKnownFileType = file; path = "1+1.m4a"; sourceTree = "<group>"; };
		261898C921ABAD1F00243D0A /* 3+2.m4a */ = {isa = PBXFileReference; lastKnownFileType = file; path = "3+2.m4a"; sourceTree = "<group>"; };
		261898CA21ABAD1F00243D0A /* 6+1.m4a */ = {isa = PBXFileReference; lastKnownFileType = file; path = "6+1.m4a"; sourceTree = "<group>"; };
		261898CB21ABAD1F00243D0A /* 4+2.m4a */ = {isa = PBXFileReference; lastKnownFileType = file; path = "4+2.m4a"; sourceTree = "<group>"; };
		261898CC21ABAD1F00243D0A /* 2+1.m4a */ = {isa = PBXFileReference; lastKnownFileType = file; path = "2+1.m4a"; sourceTree = "<group>"; };
		261898CD21ABAD1F00243D0A /* 4+5.m4a */ = {isa = PBXFileReference; lastKnownFileType = file; path = "4+5.m4a"; sourceTree = "<group>"; };
		261898CE21ABAD1F00243D0A /* 2+2.m4a */ = {isa = PBXFileReference; lastKnownFileType = file; path = "2+2.m4a"; sourceTree = "<group>"; };
		26A2CEDC21731DD6009D6BE2 /* edU-Bridging-Header.h */ = {isa = PBXFileReference; lastKnownFileType = sourcecode.c.h; path = "edU-Bridging-Header.h"; sourceTree = "<group>"; };
		26A2CEDD21731DD6009D6BE2 /* AppDelegate.swift */ = {isa = PBXFileReference; fileEncoding = 4; lastKnownFileType = sourcecode.swift; name = AppDelegate.swift; path = edu/AppDelegate.swift; sourceTree = SOURCE_ROOT; };
		26A2CEDE21731DD6009D6BE2 /* GoogleService-Info.plist */ = {isa = PBXFileReference; fileEncoding = 4; lastKnownFileType = text.plist.xml; name = "GoogleService-Info.plist"; path = "edu/GoogleService-Info.plist"; sourceTree = SOURCE_ROOT; };
		26A2CEDF21731DD6009D6BE2 /* ViewController.swift */ = {isa = PBXFileReference; fileEncoding = 4; lastKnownFileType = sourcecode.swift; name = ViewController.swift; path = edu/ViewController.swift; sourceTree = SOURCE_ROOT; };
		26E239442173190600E3A302 /* UIKit.framework */ = {isa = PBXFileReference; lastKnownFileType = wrapper.framework; name = UIKit.framework; path = System/Library/Frameworks/UIKit.framework; sourceTree = SDKROOT; };
		459132CF19970EB40BC2D535 /* Pods_edUTests.framework */ = {isa = PBXFileReference; explicitFileType = wrapper.framework; includeInIndex = 0; path = Pods_edUTests.framework; sourceTree = BUILT_PRODUCTS_DIR; };
		62EFB89E833B5AD7B5122C4A /* Pods-edU.release.xcconfig */ = {isa = PBXFileReference; includeInIndex = 1; lastKnownFileType = text.xcconfig; name = "Pods-edU.release.xcconfig"; path = "Pods/Target Support Files/Pods-edU/Pods-edU.release.xcconfig"; sourceTree = "<group>"; };
		79D7E4B7DF245A7DB3D29559 /* Pods-edUTests.debug.xcconfig */ = {isa = PBXFileReference; includeInIndex = 1; lastKnownFileType = text.xcconfig; name = "Pods-edUTests.debug.xcconfig"; path = "Pods/Target Support Files/Pods-edUTests/Pods-edUTests.debug.xcconfig"; sourceTree = "<group>"; };
		80E2B4012D5AA1C16286C825 /* Pods_edU.framework */ = {isa = PBXFileReference; explicitFileType = wrapper.framework; includeInIndex = 0; path = Pods_edU.framework; sourceTree = BUILT_PRODUCTS_DIR; };
		A2327984216FDBD500A70E6D /* edU.app */ = {isa = PBXFileReference; explicitFileType = wrapper.application; includeInIndex = 0; path = edU.app; sourceTree = BUILT_PRODUCTS_DIR; };
		A232798C216FDBD500A70E6D /* Base */ = {isa = PBXFileReference; lastKnownFileType = file.storyboard; name = Base; path = Base.lproj/Main.storyboard; sourceTree = "<group>"; };
		A2327991216FDBD500A70E6D /* Base */ = {isa = PBXFileReference; lastKnownFileType = file.storyboard; name = Base; path = Base.lproj/LaunchScreen.storyboard; sourceTree = "<group>"; };
		A2327993216FDBD500A70E6D /* Info.plist */ = {isa = PBXFileReference; lastKnownFileType = text.plist.xml; path = Info.plist; sourceTree = "<group>"; };
		A2327998216FDBD500A70E6D /* edUTests.xctest */ = {isa = PBXFileReference; explicitFileType = wrapper.cfbundle; includeInIndex = 0; path = edUTests.xctest; sourceTree = BUILT_PRODUCTS_DIR; };
		A232799C216FDBD500A70E6D /* edUTests.swift */ = {isa = PBXFileReference; lastKnownFileType = sourcecode.swift; path = edUTests.swift; sourceTree = "<group>"; };
		A232799E216FDBD500A70E6D /* Info.plist */ = {isa = PBXFileReference; lastKnownFileType = text.plist.xml; path = Info.plist; sourceTree = "<group>"; };
		A23279A3216FDBD600A70E6D /* edUUITests.xctest */ = {isa = PBXFileReference; explicitFileType = wrapper.cfbundle; includeInIndex = 0; path = edUUITests.xctest; sourceTree = BUILT_PRODUCTS_DIR; };
		A23279A7216FDBD600A70E6D /* edUUITests.swift */ = {isa = PBXFileReference; lastKnownFileType = sourcecode.swift; path = edUUITests.swift; sourceTree = "<group>"; };
		A23279A9216FDBD600A70E6D /* Info.plist */ = {isa = PBXFileReference; lastKnownFileType = text.plist.xml; path = Info.plist; sourceTree = "<group>"; };
		BA20256C50ADB38918FAC7C3 /* Pods-edUUITests.debug.xcconfig */ = {isa = PBXFileReference; includeInIndex = 1; lastKnownFileType = text.xcconfig; name = "Pods-edUUITests.debug.xcconfig"; path = "Pods/Target Support Files/Pods-edUUITests/Pods-edUUITests.debug.xcconfig"; sourceTree = "<group>"; };
		C2938B92FB9B9F1F9A669D7F /* Pods_edUUITests.framework */ = {isa = PBXFileReference; explicitFileType = wrapper.framework; includeInIndex = 0; path = Pods_edUUITests.framework; sourceTree = BUILT_PRODUCTS_DIR; };
		C792B0021409A2F9978C0D34 /* Pods-edUTests.release.xcconfig */ = {isa = PBXFileReference; includeInIndex = 1; lastKnownFileType = text.xcconfig; name = "Pods-edUTests.release.xcconfig"; path = "Pods/Target Support Files/Pods-edUTests/Pods-edUTests.release.xcconfig"; sourceTree = "<group>"; };
		D9B83610DFC8A70E2037594A /* Pods-edU.debug.xcconfig */ = {isa = PBXFileReference; includeInIndex = 1; lastKnownFileType = text.xcconfig; name = "Pods-edU.debug.xcconfig"; path = "Pods/Target Support Files/Pods-edU/Pods-edU.debug.xcconfig"; sourceTree = "<group>"; };
		F1159A2853C7013C3B7F8952 /* Pods-edUUITests.release.xcconfig */ = {isa = PBXFileReference; includeInIndex = 1; lastKnownFileType = text.xcconfig; name = "Pods-edUUITests.release.xcconfig"; path = "Pods/Target Support Files/Pods-edUUITests/Pods-edUUITests.release.xcconfig"; sourceTree = "<group>"; };
/* End PBXFileReference section */

/* Begin PBXFrameworksBuildPhase section */
		A2327981216FDBD500A70E6D /* Frameworks */ = {
			isa = PBXFrameworksBuildPhase;
			buildActionMask = 2147483647;
			files = (
				26E239452173190600E3A302 /* UIKit.framework in Frameworks */,
				52DF38FFD482E39C9D0D073B /* Pods_edU.framework in Frameworks */,
			);
			runOnlyForDeploymentPostprocessing = 0;
		};
		A2327995216FDBD500A70E6D /* Frameworks */ = {
			isa = PBXFrameworksBuildPhase;
			buildActionMask = 2147483647;
			files = (
				D17A5B8D8ECC1537CE4BCE13 /* Pods_edUTests.framework in Frameworks */,
			);
			runOnlyForDeploymentPostprocessing = 0;
		};
		A23279A0216FDBD600A70E6D /* Frameworks */ = {
			isa = PBXFrameworksBuildPhase;
			buildActionMask = 2147483647;
			files = (
				525BF2DA99F7AA8824E4F4C2 /* Pods_edUUITests.framework in Frameworks */,
			);
			runOnlyForDeploymentPostprocessing = 0;
		};
/* End PBXFrameworksBuildPhase section */

/* Begin PBXGroup section */
		2618988821ABAD1F00243D0A /* Audio */ = {
			isa = PBXGroup;
			children = (
				2618988921ABAD1F00243D0A /* words */,
				2618989621ABAD1F00243D0A /* shape */,
				261898A021ABAD1F00243D0A /* Numbers */,
				261898AB21ABAD1F00243D0A /* Alphabet_m4a */,
				261898C621ABAD1F00243D0A /* math */,
			);
			name = Audio;
			path = edu/Audio;
			sourceTree = SOURCE_ROOT;
		};
		2618988921ABAD1F00243D0A /* words */ = {
			isa = PBXGroup;
			children = (
				2618988A21ABAD1F00243D0A /* fun.m4a */,
				2618988B21ABAD1F00243D0A /* sat.m4a */,
				2618988C21ABAD1F00243D0A /* dog.m4a */,
				2618988D21ABAD1F00243D0A /* fit.m4a */,
				2618988E21ABAD1F00243D0A /* cat.m4a */,
				2618988F21ABAD1F00243D0A /* leg.m4a */,
				2618989021ABAD1F00243D0A /* run.m4a */,
				2618989121ABAD1F00243D0A /* red.m4a */,
				2618989221ABAD1F00243D0A /* jam.m4a */,
				2618989321ABAD1F00243D0A /* box.m4a */,
				2618989421ABAD1F00243D0A /* pet.m4a */,
				2618989521ABAD1F00243D0A /* bug.m4a */,
			);
			path = words;
			sourceTree = "<group>";
		};
		2618989621ABAD1F00243D0A /* shape */ = {
			isa = PBXGroup;
			children = (
				2618989721ABAD1F00243D0A /* triangle.m4a */,
				2618989821ABAD1F00243D0A /* circle.m4a */,
				2618989921ABAD1F00243D0A /* rectangle.m4a */,
				2618989A21ABAD1F00243D0A /* oval.m4a */,
				2618989B21ABAD1F00243D0A /* trapezoid.m4a */,
				2618989C21ABAD1F00243D0A /* diamond.m4a */,
				2618989D21ABAD1F00243D0A /* heart.m4a */,
				2618989E21ABAD1F00243D0A /* square.m4a */,
				2618989F21ABAD1F00243D0A /* star.m4a */,
			);
			path = shape;
			sourceTree = "<group>";
		};
		261898A021ABAD1F00243D0A /* Numbers */ = {
			isa = PBXGroup;
			children = (
				261898A121ABAD1F00243D0A /* 8.m4a */,
				261898A221ABAD1F00243D0A /* 9.m4a */,
				261898A321ABAD1F00243D0A /* 1.m4a */,
				261898A421ABAD1F00243D0A /* 0.m4a */,
				261898A521ABAD1F00243D0A /* 2.m4a */,
				261898A621ABAD1F00243D0A /* 3.m4a */,
				261898A721ABAD1F00243D0A /* 7.m4a */,
				261898A821ABAD1F00243D0A /* 6.m4a */,
				261898A921ABAD1F00243D0A /* 4.m4a */,
				261898AA21ABAD1F00243D0A /* 5.m4a */,
			);
			path = Numbers;
			sourceTree = "<group>";
		};
		261898AB21ABAD1F00243D0A /* Alphabet_m4a */ = {
			isa = PBXGroup;
			children = (
				261898AC21ABAD1F00243D0A /* n.m4a */,
				261898AD21ABAD1F00243D0A /* y.m4a */,
				261898AE21ABAD1F00243D0A /* x.m4a */,
				261898AF21ABAD1F00243D0A /* o.m4a */,
				261898B021ABAD1F00243D0A /* m.m4a */,
				261898B121ABAD1F00243D0A /* z.m4a */,
				261898B221ABAD1F00243D0A /* l.m4a */,
				261898B321ABAD1F00243D0A /* h.m4a */,
				261898B421ABAD1F00243D0A /* i.m4a */,
				261898B521ABAD1F00243D0A /* k.m4a */,
				261898B621ABAD1F00243D0A /* j.m4a */,
				261898B721ABAD1F00243D0A /* p.m4a */,
				261898B821ABAD1F00243D0A /* g.m4a */,
				261898B921ABAD1F00243D0A /* f.m4a */,
				261898BA21ABAD1F00243D0A /* q.m4a */,
				261898BB21ABAD1F00243D0A /* s.m4a */,
				261898BC21ABAD1F00243D0A /* d.m4a */,
				261898BD21ABAD1F00243D0A /* e.m4a */,
				261898BE21ABAD1F00243D0A /* r.m4a */,
				261898BF21ABAD1F00243D0A /* a.m4a */,
				261898C021ABAD1F00243D0A /* v.m4a */,
				261898C121ABAD1F00243D0A /* w.m4a */,
				261898C221ABAD1F00243D0A /* b.m4a */,
				261898C321ABAD1F00243D0A /* u.m4a */,
				261898C421ABAD1F00243D0A /* t.m4a */,
				261898C521ABAD1F00243D0A /* c.m4a */,
			);
			path = Alphabet_m4a;
			sourceTree = "<group>";
		};
		261898C621ABAD1F00243D0A /* math */ = {
			isa = PBXGroup;
			children = (
				261898C721ABAD1F00243D0A /* 3+5.m4a */,
				261898C821ABAD1F00243D0A /* 1+1.m4a */,
				261898C921ABAD1F00243D0A /* 3+2.m4a */,
				261898CA21ABAD1F00243D0A /* 6+1.m4a */,
				261898CB21ABAD1F00243D0A /* 4+2.m4a */,
				261898CC21ABAD1F00243D0A /* 2+1.m4a */,
				261898CD21ABAD1F00243D0A /* 4+5.m4a */,
				261898CE21ABAD1F00243D0A /* 2+2.m4a */,
			);
			path = math;
			sourceTree = "<group>";
		};
		2AFE541027AB2406A4E4E2A9 /* Frameworks */ = {
			isa = PBXGroup;
			children = (
				26E239442173190600E3A302 /* UIKit.framework */,
				80E2B4012D5AA1C16286C825 /* Pods_edU.framework */,
				459132CF19970EB40BC2D535 /* Pods_edUTests.framework */,
				C2938B92FB9B9F1F9A669D7F /* Pods_edUUITests.framework */,
			);
			name = Frameworks;
			sourceTree = "<group>";
		};
		5C2478B030167C3FC420CE71 /* Pods */ = {
			isa = PBXGroup;
			children = (
				D9B83610DFC8A70E2037594A /* Pods-edU.debug.xcconfig */,
				62EFB89E833B5AD7B5122C4A /* Pods-edU.release.xcconfig */,
				79D7E4B7DF245A7DB3D29559 /* Pods-edUTests.debug.xcconfig */,
				C792B0021409A2F9978C0D34 /* Pods-edUTests.release.xcconfig */,
				BA20256C50ADB38918FAC7C3 /* Pods-edUUITests.debug.xcconfig */,
				F1159A2853C7013C3B7F8952 /* Pods-edUUITests.release.xcconfig */,
			);
			name = Pods;
			sourceTree = "<group>";
		};
		A232797B216FDBD500A70E6D = {
			isa = PBXGroup;
			children = (
				A2327986216FDBD500A70E6D /* edU */,
				A232799B216FDBD500A70E6D /* edUTests */,
				A23279A6216FDBD600A70E6D /* edUUITests */,
				A2327985216FDBD500A70E6D /* Products */,
				5C2478B030167C3FC420CE71 /* Pods */,
				2AFE541027AB2406A4E4E2A9 /* Frameworks */,
			);
			sourceTree = "<group>";
		};
		A2327985216FDBD500A70E6D /* Products */ = {
			isa = PBXGroup;
			children = (
				A2327984216FDBD500A70E6D /* edU.app */,
				A2327998216FDBD500A70E6D /* edUTests.xctest */,
				A23279A3216FDBD600A70E6D /* edUUITests.xctest */,
			);
			name = Products;
			sourceTree = "<group>";
		};
		A2327986216FDBD500A70E6D /* edU */ = {
			isa = PBXGroup;
			children = (
				2618988821ABAD1F00243D0A /* Audio */,
				2618988421ABA61000243D0A /* AlphabetClassifier.mlmodel */,
				2618988221ABA61000243D0A /* NumberClassifier.mlmodel */,
				2618988321ABA61000243D0A /* ShapeClassifier.mlmodel */,
				2618987821AB628500243D0A /* Assets.xcassets */,
				26A2CEDD21731DD6009D6BE2 /* AppDelegate.swift */,
				26A2CEDE21731DD6009D6BE2 /* GoogleService-Info.plist */,
				26A2CEDF21731DD6009D6BE2 /* ViewController.swift */,
				A232798B216FDBD500A70E6D /* Main.storyboard */,
				A2327990216FDBD500A70E6D /* LaunchScreen.storyboard */,
				A2327993216FDBD500A70E6D /* Info.plist */,
				26A2CEDC21731DD6009D6BE2 /* edU-Bridging-Header.h */,
				2618987E21AB92BE00243D0A /* LessonsViewController.swift */,
				2618988021AB958F00243D0A /* SingleLessonViewController.swift */,
			);
			path = edU;
			sourceTree = "<group>";
		};
		A232799B216FDBD500A70E6D /* edUTests */ = {
			isa = PBXGroup;
			children = (
				A232799C216FDBD500A70E6D /* edUTests.swift */,
				A232799E216FDBD500A70E6D /* Info.plist */,
			);
			path = edUTests;
			sourceTree = "<group>";
		};
		A23279A6216FDBD600A70E6D /* edUUITests */ = {
			isa = PBXGroup;
			children = (
				A23279A7216FDBD600A70E6D /* edUUITests.swift */,
				A23279A9216FDBD600A70E6D /* Info.plist */,
			);
			path = edUUITests;
			sourceTree = "<group>";
		};
/* End PBXGroup section */

/* Begin PBXNativeTarget section */
		A2327983216FDBD500A70E6D /* edU */ = {
			isa = PBXNativeTarget;
			buildConfigurationList = A23279AC216FDBD600A70E6D /* Build configuration list for PBXNativeTarget "edU" */;
			buildPhases = (
				54C1A41DE5ACB579DAACDA9B /* [CP] Check Pods Manifest.lock */,
				A2327980216FDBD500A70E6D /* Sources */,
				A2327981216FDBD500A70E6D /* Frameworks */,
				A2327982216FDBD500A70E6D /* Resources */,
				ECC31D2818DDC1BCFEB22C63 /* [CP] Embed Pods Frameworks */,
			);
			buildRules = (
			);
			dependencies = (
			);
			name = edU;
			productName = edU;
			productReference = A2327984216FDBD500A70E6D /* edU.app */;
			productType = "com.apple.product-type.application";
		};
		A2327997216FDBD500A70E6D /* edUTests */ = {
			isa = PBXNativeTarget;
			buildConfigurationList = A23279AF216FDBD600A70E6D /* Build configuration list for PBXNativeTarget "edUTests" */;
			buildPhases = (
				578ACC914BBABA0ADB7EEDB8 /* [CP] Check Pods Manifest.lock */,
				A2327994216FDBD500A70E6D /* Sources */,
				A2327995216FDBD500A70E6D /* Frameworks */,
				A2327996216FDBD500A70E6D /* Resources */,
			);
			buildRules = (
			);
			dependencies = (
				A232799A216FDBD500A70E6D /* PBXTargetDependency */,
			);
			name = edUTests;
			productName = edUTests;
			productReference = A2327998216FDBD500A70E6D /* edUTests.xctest */;
			productType = "com.apple.product-type.bundle.unit-test";
		};
		A23279A2216FDBD600A70E6D /* edUUITests */ = {
			isa = PBXNativeTarget;
			buildConfigurationList = A23279B2216FDBD600A70E6D /* Build configuration list for PBXNativeTarget "edUUITests" */;
			buildPhases = (
				D9ED340A6313030B2133231B /* [CP] Check Pods Manifest.lock */,
				A232799F216FDBD600A70E6D /* Sources */,
				A23279A0216FDBD600A70E6D /* Frameworks */,
				A23279A1216FDBD600A70E6D /* Resources */,
			);
			buildRules = (
			);
			dependencies = (
				A23279A5216FDBD600A70E6D /* PBXTargetDependency */,
			);
			name = edUUITests;
			productName = edUUITests;
			productReference = A23279A3216FDBD600A70E6D /* edUUITests.xctest */;
			productType = "com.apple.product-type.bundle.ui-testing";
		};
/* End PBXNativeTarget section */

/* Begin PBXProject section */
		A232797C216FDBD500A70E6D /* Project object */ = {
			isa = PBXProject;
			attributes = {
				LastSwiftUpdateCheck = 0940;
				LastUpgradeCheck = 0940;
				ORGANIZATIONNAME = "CSE3311-Team 5-(ZG,GP,CH,TM)";
				TargetAttributes = {
					A2327983216FDBD500A70E6D = {
						CreatedOnToolsVersion = 9.4;
						LastSwiftMigration = 1000;
					};
					A2327997216FDBD500A70E6D = {
						CreatedOnToolsVersion = 9.4;
						TestTargetID = A2327983216FDBD500A70E6D;
					};
					A23279A2216FDBD600A70E6D = {
						CreatedOnToolsVersion = 9.4;
						TestTargetID = A2327983216FDBD500A70E6D;
					};
				};
			};
			buildConfigurationList = A232797F216FDBD500A70E6D /* Build configuration list for PBXProject "edu" */;
			compatibilityVersion = "Xcode 9.3";
			developmentRegion = en;
			hasScannedForEncodings = 0;
			knownRegions = (
				en,
				Base,
			);
			mainGroup = A232797B216FDBD500A70E6D;
			productRefGroup = A2327985216FDBD500A70E6D /* Products */;
			projectDirPath = "";
			projectRoot = "";
			targets = (
				A2327983216FDBD500A70E6D /* edU */,
				A2327997216FDBD500A70E6D /* edUTests */,
				A23279A2216FDBD600A70E6D /* edUUITests */,
			);
		};
/* End PBXProject section */

/* Begin PBXResourcesBuildPhase section */
		A2327982216FDBD500A70E6D /* Resources */ = {
			isa = PBXResourcesBuildPhase;
			buildActionMask = 2147483647;
			files = (
				2618990121ABAD1F00243D0A /* a.m4a in Resources */,
				261898F721ABAD1F00243D0A /* k.m4a in Resources */,
				2618990821ABAD1F00243D0A /* 3+5.m4a in Resources */,
				2618990E21ABAD1F00243D0A /* 4+5.m4a in Resources */,
				2618990921ABAD1F00243D0A /* 1+1.m4a in Resources */,
				261898EB21ABAD1F00243D0A /* 6.m4a in Resources */,
				261898E721ABAD1F00243D0A /* 0.m4a in Resources */,
				2618990521ABAD1F00243D0A /* u.m4a in Resources */,
				2618990A21ABAD1F00243D0A /* 3+2.m4a in Resources */,
				2618990D21ABAD1F00243D0A /* 2+1.m4a in Resources */,
				261898F821ABAD1F00243D0A /* j.m4a in Resources */,
				2618990B21ABAD1F00243D0A /* 6+1.m4a in Resources */,
				261898E121ABAD1F00243D0A /* heart.m4a in Resources */,
				261898F421ABAD1F00243D0A /* l.m4a in Resources */,
				2618990C21ABAD1F00243D0A /* 4+2.m4a in Resources */,
				261898FB21ABAD1F00243D0A /* f.m4a in Resources */,
				261898D121ABAD1F00243D0A /* dog.m4a in Resources */,
				261898ED21ABAD1F00243D0A /* 5.m4a in Resources */,
				A2327992216FDBD500A70E6D /* LaunchScreen.storyboard in Resources */,
				261898E221ABAD1F00243D0A /* square.m4a in Resources */,
				261898EF21ABAD1F00243D0A /* y.m4a in Resources */,
				261898DF21ABAD1F00243D0A /* trapezoid.m4a in Resources */,
				261898FE21ABAD1F00243D0A /* d.m4a in Resources */,
				261898FA21ABAD1F00243D0A /* g.m4a in Resources */,
				2618990021ABAD1F00243D0A /* r.m4a in Resources */,
				2618990421ABAD1F00243D0A /* b.m4a in Resources */,
				261898D521ABAD1F00243D0A /* run.m4a in Resources */,
				261898E621ABAD1F00243D0A /* 1.m4a in Resources */,
				2618990221ABAD1F00243D0A /* v.m4a in Resources */,
				261898D721ABAD1F00243D0A /* jam.m4a in Resources */,
				261898D221ABAD1F00243D0A /* fit.m4a in Resources */,
				261898FF21ABAD1F00243D0A /* e.m4a in Resources */,
				261898DD21ABAD1F00243D0A /* rectangle.m4a in Resources */,
				261898E521ABAD1F00243D0A /* 9.m4a in Resources */,
				261898F321ABAD1F00243D0A /* z.m4a in Resources */,
				261898EA21ABAD1F00243D0A /* 7.m4a in Resources */,
				261898DA21ABAD1F00243D0A /* bug.m4a in Resources */,
				261898D421ABAD1F00243D0A /* leg.m4a in Resources */,
				2618990721ABAD1F00243D0A /* c.m4a in Resources */,
				261898D321ABAD1F00243D0A /* cat.m4a in Resources */,
				2618990321ABAD1F00243D0A /* w.m4a in Resources */,
				261898F021ABAD1F00243D0A /* x.m4a in Resources */,
				261898F621ABAD1F00243D0A /* i.m4a in Resources */,
				261898E821ABAD1F00243D0A /* 2.m4a in Resources */,
				261898DB21ABAD1F00243D0A /* triangle.m4a in Resources */,
				261898EC21ABAD1F00243D0A /* 4.m4a in Resources */,
				261898D621ABAD1F00243D0A /* red.m4a in Resources */,
				26A2CEE121731DD7009D6BE2 /* GoogleService-Info.plist in Resources */,
				261898D921ABAD1F00243D0A /* pet.m4a in Resources */,
				261898FD21ABAD1F00243D0A /* s.m4a in Resources */,
				261898F221ABAD1F00243D0A /* m.m4a in Resources */,
				2618990F21ABAD1F00243D0A /* 2+2.m4a in Resources */,
				2618987921AB628500243D0A /* Assets.xcassets in Resources */,
				261898F521ABAD1F00243D0A /* h.m4a in Resources */,
				261898D021ABAD1F00243D0A /* sat.m4a in Resources */,
				261898DC21ABAD1F00243D0A /* circle.m4a in Resources */,
				261898FC21ABAD1F00243D0A /* q.m4a in Resources */,
				261898EE21ABAD1F00243D0A /* n.m4a in Resources */,
				261898CF21ABAD1F00243D0A /* fun.m4a in Resources */,
				261898D821ABAD1F00243D0A /* box.m4a in Resources */,
				261898E921ABAD1F00243D0A /* 3.m4a in Resources */,
				261898E421ABAD1F00243D0A /* 8.m4a in Resources */,
				261898DE21ABAD1F00243D0A /* oval.m4a in Resources */,
				A232798D216FDBD500A70E6D /* Main.storyboard in Resources */,
				261898F121ABAD1F00243D0A /* o.m4a in Resources */,
				261898F921ABAD1F00243D0A /* p.m4a in Resources */,
				2618990621ABAD1F00243D0A /* t.m4a in Resources */,
				261898E321ABAD1F00243D0A /* star.m4a in Resources */,
				261898E021ABAD1F00243D0A /* diamond.m4a in Resources */,
			);
			runOnlyForDeploymentPostprocessing = 0;
		};
		A2327996216FDBD500A70E6D /* Resources */ = {
			isa = PBXResourcesBuildPhase;
			buildActionMask = 2147483647;
			files = (
			);
			runOnlyForDeploymentPostprocessing = 0;
		};
		A23279A1216FDBD600A70E6D /* Resources */ = {
			isa = PBXResourcesBuildPhase;
			buildActionMask = 2147483647;
			files = (
			);
			runOnlyForDeploymentPostprocessing = 0;
		};
/* End PBXResourcesBuildPhase section */

/* Begin PBXShellScriptBuildPhase section */
		54C1A41DE5ACB579DAACDA9B /* [CP] Check Pods Manifest.lock */ = {
			isa = PBXShellScriptBuildPhase;
			buildActionMask = 2147483647;
			files = (
			);
			inputFileListPaths = (
			);
			inputPaths = (
				"${PODS_PODFILE_DIR_PATH}/Podfile.lock",
				"${PODS_ROOT}/Manifest.lock",
			);
			name = "[CP] Check Pods Manifest.lock";
			outputFileListPaths = (
			);
			outputPaths = (
				"$(DERIVED_FILE_DIR)/Pods-edU-checkManifestLockResult.txt",
			);
			runOnlyForDeploymentPostprocessing = 0;
			shellPath = /bin/sh;
			shellScript = "diff \"${PODS_PODFILE_DIR_PATH}/Podfile.lock\" \"${PODS_ROOT}/Manifest.lock\" > /dev/null\nif [ $? != 0 ] ; then\n    # print error to STDERR\n    echo \"error: The sandbox is not in sync with the Podfile.lock. Run 'pod install' or update your CocoaPods installation.\" >&2\n    exit 1\nfi\n# This output is used by Xcode 'outputs' to avoid re-running this script phase.\necho \"SUCCESS\" > \"${SCRIPT_OUTPUT_FILE_0}\"\n";
			showEnvVarsInLog = 0;
		};
		578ACC914BBABA0ADB7EEDB8 /* [CP] Check Pods Manifest.lock */ = {
			isa = PBXShellScriptBuildPhase;
			buildActionMask = 2147483647;
			files = (
			);
			inputFileListPaths = (
			);
			inputPaths = (
				"${PODS_PODFILE_DIR_PATH}/Podfile.lock",
				"${PODS_ROOT}/Manifest.lock",
			);
			name = "[CP] Check Pods Manifest.lock";
			outputFileListPaths = (
			);
			outputPaths = (
				"$(DERIVED_FILE_DIR)/Pods-edUTests-checkManifestLockResult.txt",
			);
			runOnlyForDeploymentPostprocessing = 0;
			shellPath = /bin/sh;
			shellScript = "diff \"${PODS_PODFILE_DIR_PATH}/Podfile.lock\" \"${PODS_ROOT}/Manifest.lock\" > /dev/null\nif [ $? != 0 ] ; then\n    # print error to STDERR\n    echo \"error: The sandbox is not in sync with the Podfile.lock. Run 'pod install' or update your CocoaPods installation.\" >&2\n    exit 1\nfi\n# This output is used by Xcode 'outputs' to avoid re-running this script phase.\necho \"SUCCESS\" > \"${SCRIPT_OUTPUT_FILE_0}\"\n";
			showEnvVarsInLog = 0;
		};
		D9ED340A6313030B2133231B /* [CP] Check Pods Manifest.lock */ = {
			isa = PBXShellScriptBuildPhase;
			buildActionMask = 2147483647;
			files = (
			);
			inputFileListPaths = (
			);
			inputPaths = (
				"${PODS_PODFILE_DIR_PATH}/Podfile.lock",
				"${PODS_ROOT}/Manifest.lock",
			);
			name = "[CP] Check Pods Manifest.lock";
			outputFileListPaths = (
			);
			outputPaths = (
				"$(DERIVED_FILE_DIR)/Pods-edUUITests-checkManifestLockResult.txt",
			);
			runOnlyForDeploymentPostprocessing = 0;
			shellPath = /bin/sh;
			shellScript = "diff \"${PODS_PODFILE_DIR_PATH}/Podfile.lock\" \"${PODS_ROOT}/Manifest.lock\" > /dev/null\nif [ $? != 0 ] ; then\n    # print error to STDERR\n    echo \"error: The sandbox is not in sync with the Podfile.lock. Run 'pod install' or update your CocoaPods installation.\" >&2\n    exit 1\nfi\n# This output is used by Xcode 'outputs' to avoid re-running this script phase.\necho \"SUCCESS\" > \"${SCRIPT_OUTPUT_FILE_0}\"\n";
			showEnvVarsInLog = 0;
		};
		ECC31D2818DDC1BCFEB22C63 /* [CP] Embed Pods Frameworks */ = {
			isa = PBXShellScriptBuildPhase;
			buildActionMask = 2147483647;
			files = (
			);
			inputFileListPaths = (
			);
			inputPaths = (
				"${SRCROOT}/Pods/Target Support Files/Pods-edU/Pods-edU-frameworks.sh",
				"${BUILT_PRODUCTS_DIR}/Sketch/Sketch.framework",
				"${BUILT_PRODUCTS_DIR}/SwiftySound/SwiftySound.framework",
				"${BUILT_PRODUCTS_DIR}/anim/anim.framework",
			);
			name = "[CP] Embed Pods Frameworks";
			outputFileListPaths = (
			);
			outputPaths = (
				"${TARGET_BUILD_DIR}/${FRAMEWORKS_FOLDER_PATH}/Sketch.framework",
				"${TARGET_BUILD_DIR}/${FRAMEWORKS_FOLDER_PATH}/SwiftySound.framework",
				"${TARGET_BUILD_DIR}/${FRAMEWORKS_FOLDER_PATH}/anim.framework",
			);
			runOnlyForDeploymentPostprocessing = 0;
			shellPath = /bin/sh;
			shellScript = "\"${SRCROOT}/Pods/Target Support Files/Pods-edU/Pods-edU-frameworks.sh\"\n";
			showEnvVarsInLog = 0;
		};
/* End PBXShellScriptBuildPhase section */

/* Begin PBXSourcesBuildPhase section */
		A2327980216FDBD500A70E6D /* Sources */ = {
			isa = PBXSourcesBuildPhase;
			buildActionMask = 2147483647;
			files = (
				2618988121AB958F00243D0A /* SingleLessonViewController.swift in Sources */,
				2618988721ABA61100243D0A /* AlphabetClassifier.mlmodel in Sources */,
				2618987F21AB92BE00243D0A /* LessonsViewController.swift in Sources */,
				2618988521ABA61100243D0A /* NumberClassifier.mlmodel in Sources */,
				26A2CEE221731DD7009D6BE2 /* ViewController.swift in Sources */,
				26A2CEE021731DD6009D6BE2 /* AppDelegate.swift in Sources */,
				2618988621ABA61100243D0A /* ShapeClassifier.mlmodel in Sources */,
			);
			runOnlyForDeploymentPostprocessing = 0;
		};
		A2327994216FDBD500A70E6D /* Sources */ = {
			isa = PBXSourcesBuildPhase;
			buildActionMask = 2147483647;
			files = (
				A232799D216FDBD500A70E6D /* edUTests.swift in Sources */,
			);
			runOnlyForDeploymentPostprocessing = 0;
		};
		A232799F216FDBD600A70E6D /* Sources */ = {
			isa = PBXSourcesBuildPhase;
			buildActionMask = 2147483647;
			files = (
				A23279A8216FDBD600A70E6D /* edUUITests.swift in Sources */,
			);
			runOnlyForDeploymentPostprocessing = 0;
		};
/* End PBXSourcesBuildPhase section */

/* Begin PBXTargetDependency section */
		A232799A216FDBD500A70E6D /* PBXTargetDependency */ = {
			isa = PBXTargetDependency;
			target = A2327983216FDBD500A70E6D /* edU */;
			targetProxy = A2327999216FDBD500A70E6D /* PBXContainerItemProxy */;
		};
		A23279A5216FDBD600A70E6D /* PBXTargetDependency */ = {
			isa = PBXTargetDependency;
			target = A2327983216FDBD500A70E6D /* edU */;
			targetProxy = A23279A4216FDBD600A70E6D /* PBXContainerItemProxy */;
		};
/* End PBXTargetDependency section */

/* Begin PBXVariantGroup section */
		A232798B216FDBD500A70E6D /* Main.storyboard */ = {
			isa = PBXVariantGroup;
			children = (
				A232798C216FDBD500A70E6D /* Base */,
			);
			name = Main.storyboard;
			sourceTree = "<group>";
		};
		A2327990216FDBD500A70E6D /* LaunchScreen.storyboard */ = {
			isa = PBXVariantGroup;
			children = (
				A2327991216FDBD500A70E6D /* Base */,
			);
			name = LaunchScreen.storyboard;
			sourceTree = "<group>";
		};
/* End PBXVariantGroup section */

/* Begin XCBuildConfiguration section */
		A23279AA216FDBD600A70E6D /* Debug */ = {
			isa = XCBuildConfiguration;
			buildSettings = {
				ALWAYS_SEARCH_USER_PATHS = NO;
				CLANG_ANALYZER_NONNULL = YES;
				CLANG_ANALYZER_NUMBER_OBJECT_CONVERSION = YES_AGGRESSIVE;
				CLANG_CXX_LANGUAGE_STANDARD = "gnu++14";
				CLANG_CXX_LIBRARY = "libc++";
				CLANG_ENABLE_MODULES = YES;
				CLANG_ENABLE_OBJC_ARC = YES;
				CLANG_ENABLE_OBJC_WEAK = YES;
				CLANG_WARN_BLOCK_CAPTURE_AUTORELEASING = YES;
				CLANG_WARN_BOOL_CONVERSION = YES;
				CLANG_WARN_COMMA = YES;
				CLANG_WARN_CONSTANT_CONVERSION = YES;
				CLANG_WARN_DEPRECATED_OBJC_IMPLEMENTATIONS = YES;
				CLANG_WARN_DIRECT_OBJC_ISA_USAGE = YES_ERROR;
				CLANG_WARN_DOCUMENTATION_COMMENTS = YES;
				CLANG_WARN_EMPTY_BODY = YES;
				CLANG_WARN_ENUM_CONVERSION = YES;
				CLANG_WARN_INFINITE_RECURSION = YES;
				CLANG_WARN_INT_CONVERSION = YES;
				CLANG_WARN_NON_LITERAL_NULL_CONVERSION = YES;
				CLANG_WARN_OBJC_IMPLICIT_RETAIN_SELF = YES;
				CLANG_WARN_OBJC_LITERAL_CONVERSION = YES;
				CLANG_WARN_OBJC_ROOT_CLASS = YES_ERROR;
				CLANG_WARN_RANGE_LOOP_ANALYSIS = YES;
				CLANG_WARN_STRICT_PROTOTYPES = YES;
				CLANG_WARN_SUSPICIOUS_MOVE = YES;
				CLANG_WARN_UNGUARDED_AVAILABILITY = YES_AGGRESSIVE;
				CLANG_WARN_UNREACHABLE_CODE = YES;
				CLANG_WARN__DUPLICATE_METHOD_MATCH = YES;
				CODE_SIGN_IDENTITY = "iPhone Developer";
				COPY_PHASE_STRIP = NO;
				DEBUG_INFORMATION_FORMAT = dwarf;
				ENABLE_STRICT_OBJC_MSGSEND = YES;
				ENABLE_TESTABILITY = YES;
				GCC_C_LANGUAGE_STANDARD = gnu11;
				GCC_DYNAMIC_NO_PIC = NO;
				GCC_NO_COMMON_BLOCKS = YES;
				GCC_OPTIMIZATION_LEVEL = 0;
				GCC_PREPROCESSOR_DEFINITIONS = (
					"DEBUG=1",
					"$(inherited)",
				);
				GCC_WARN_64_TO_32_BIT_CONVERSION = YES;
				GCC_WARN_ABOUT_RETURN_TYPE = YES_ERROR;
				GCC_WARN_UNDECLARED_SELECTOR = YES;
				GCC_WARN_UNINITIALIZED_AUTOS = YES_AGGRESSIVE;
				GCC_WARN_UNUSED_FUNCTION = YES;
				GCC_WARN_UNUSED_VARIABLE = YES;
				IPHONEOS_DEPLOYMENT_TARGET = 11.4;
				MTL_ENABLE_DEBUG_INFO = YES;
				ONLY_ACTIVE_ARCH = YES;
				SDKROOT = iphoneos;
				SWIFT_ACTIVE_COMPILATION_CONDITIONS = DEBUG;
				SWIFT_OPTIMIZATION_LEVEL = "-Onone";
			};
			name = Debug;
		};
		A23279AB216FDBD600A70E6D /* Release */ = {
			isa = XCBuildConfiguration;
			buildSettings = {
				ALWAYS_SEARCH_USER_PATHS = NO;
				CLANG_ANALYZER_NONNULL = YES;
				CLANG_ANALYZER_NUMBER_OBJECT_CONVERSION = YES_AGGRESSIVE;
				CLANG_CXX_LANGUAGE_STANDARD = "gnu++14";
				CLANG_CXX_LIBRARY = "libc++";
				CLANG_ENABLE_MODULES = YES;
				CLANG_ENABLE_OBJC_ARC = YES;
				CLANG_ENABLE_OBJC_WEAK = YES;
				CLANG_WARN_BLOCK_CAPTURE_AUTORELEASING = YES;
				CLANG_WARN_BOOL_CONVERSION = YES;
				CLANG_WARN_COMMA = YES;
				CLANG_WARN_CONSTANT_CONVERSION = YES;
				CLANG_WARN_DEPRECATED_OBJC_IMPLEMENTATIONS = YES;
				CLANG_WARN_DIRECT_OBJC_ISA_USAGE = YES_ERROR;
				CLANG_WARN_DOCUMENTATION_COMMENTS = YES;
				CLANG_WARN_EMPTY_BODY = YES;
				CLANG_WARN_ENUM_CONVERSION = YES;
				CLANG_WARN_INFINITE_RECURSION = YES;
				CLANG_WARN_INT_CONVERSION = YES;
				CLANG_WARN_NON_LITERAL_NULL_CONVERSION = YES;
				CLANG_WARN_OBJC_IMPLICIT_RETAIN_SELF = YES;
				CLANG_WARN_OBJC_LITERAL_CONVERSION = YES;
				CLANG_WARN_OBJC_ROOT_CLASS = YES_ERROR;
				CLANG_WARN_RANGE_LOOP_ANALYSIS = YES;
				CLANG_WARN_STRICT_PROTOTYPES = YES;
				CLANG_WARN_SUSPICIOUS_MOVE = YES;
				CLANG_WARN_UNGUARDED_AVAILABILITY = YES_AGGRESSIVE;
				CLANG_WARN_UNREACHABLE_CODE = YES;
				CLANG_WARN__DUPLICATE_METHOD_MATCH = YES;
				CODE_SIGN_IDENTITY = "iPhone Developer";
				COPY_PHASE_STRIP = NO;
				DEBUG_INFORMATION_FORMAT = "dwarf-with-dsym";
				ENABLE_NS_ASSERTIONS = NO;
				ENABLE_STRICT_OBJC_MSGSEND = YES;
				GCC_C_LANGUAGE_STANDARD = gnu11;
				GCC_NO_COMMON_BLOCKS = YES;
				GCC_WARN_64_TO_32_BIT_CONVERSION = YES;
				GCC_WARN_ABOUT_RETURN_TYPE = YES_ERROR;
				GCC_WARN_UNDECLARED_SELECTOR = YES;
				GCC_WARN_UNINITIALIZED_AUTOS = YES_AGGRESSIVE;
				GCC_WARN_UNUSED_FUNCTION = YES;
				GCC_WARN_UNUSED_VARIABLE = YES;
				IPHONEOS_DEPLOYMENT_TARGET = 11.4;
				MTL_ENABLE_DEBUG_INFO = NO;
				SDKROOT = iphoneos;
				SWIFT_COMPILATION_MODE = wholemodule;
				SWIFT_OPTIMIZATION_LEVEL = "-O";
				VALIDATE_PRODUCT = YES;
			};
			name = Release;
		};
		A23279AD216FDBD600A70E6D /* Debug */ = {
			isa = XCBuildConfiguration;
			baseConfigurationReference = D9B83610DFC8A70E2037594A /* Pods-edU.debug.xcconfig */;
			buildSettings = {
				ASSETCATALOG_COMPILER_APPICON_NAME = AppIcon;
				CLANG_ENABLE_MODULES = YES;
				CODE_SIGN_STYLE = Automatic;
				DEVELOPMENT_TEAM = HYQDSB28ZX;
				INFOPLIST_FILE = edU/Info.plist;
				LD_RUNPATH_SEARCH_PATHS = (
					"$(inherited)",
					"@executable_path/Frameworks",
				);
				PRODUCT_BUNDLE_IDENTIFIER = UTA.edU;
				PRODUCT_NAME = "$(TARGET_NAME)";
				SWIFT_OBJC_BRIDGING_HEADER = "edU/edU-Bridging-Header.h";
				SWIFT_OPTIMIZATION_LEVEL = "-Onone";
				SWIFT_VERSION = 4.0;
				TARGETED_DEVICE_FAMILY = 1;
			};
			name = Debug;
		};
		A23279AE216FDBD600A70E6D /* Release */ = {
			isa = XCBuildConfiguration;
			baseConfigurationReference = 62EFB89E833B5AD7B5122C4A /* Pods-edU.release.xcconfig */;
			buildSettings = {
				ASSETCATALOG_COMPILER_APPICON_NAME = AppIcon;
				CLANG_ENABLE_MODULES = YES;
				CODE_SIGN_STYLE = Automatic;
				DEVELOPMENT_TEAM = HYQDSB28ZX;
				INFOPLIST_FILE = edU/Info.plist;
				LD_RUNPATH_SEARCH_PATHS = (
					"$(inherited)",
					"@executable_path/Frameworks",
				);
				PRODUCT_BUNDLE_IDENTIFIER = UTA.edU;
				PRODUCT_NAME = "$(TARGET_NAME)";
				SWIFT_OBJC_BRIDGING_HEADER = "edU/edU-Bridging-Header.h";
				SWIFT_VERSION = 4.0;
				TARGETED_DEVICE_FAMILY = 1;
			};
			name = Release;
		};
		A23279B0216FDBD600A70E6D /* Debug */ = {
			isa = XCBuildConfiguration;
			baseConfigurationReference = 79D7E4B7DF245A7DB3D29559 /* Pods-edUTests.debug.xcconfig */;
			buildSettings = {
				ALWAYS_EMBED_SWIFT_STANDARD_LIBRARIES = YES;
				BUNDLE_LOADER = "$(TEST_HOST)";
				CODE_SIGN_STYLE = Automatic;
				INFOPLIST_FILE = edUTests/Info.plist;
				LD_RUNPATH_SEARCH_PATHS = (
					"$(inherited)",
					"@executable_path/Frameworks",
					"@loader_path/Frameworks",
				);
				PRODUCT_BUNDLE_IDENTIFIER = UTA.edUTests;
				PRODUCT_NAME = "$(TARGET_NAME)";
				SWIFT_VERSION = 4.0;
				TARGETED_DEVICE_FAMILY = "1,2";
				TEST_HOST = "$(BUILT_PRODUCTS_DIR)/edU.app/edU";
			};
			name = Debug;
		};
		A23279B1216FDBD600A70E6D /* Release */ = {
			isa = XCBuildConfiguration;
			baseConfigurationReference = C792B0021409A2F9978C0D34 /* Pods-edUTests.release.xcconfig */;
			buildSettings = {
				ALWAYS_EMBED_SWIFT_STANDARD_LIBRARIES = YES;
				BUNDLE_LOADER = "$(TEST_HOST)";
				CODE_SIGN_STYLE = Automatic;
				INFOPLIST_FILE = edUTests/Info.plist;
				LD_RUNPATH_SEARCH_PATHS = (
					"$(inherited)",
					"@executable_path/Frameworks",
					"@loader_path/Frameworks",
				);
				PRODUCT_BUNDLE_IDENTIFIER = UTA.edUTests;
				PRODUCT_NAME = "$(TARGET_NAME)";
				SWIFT_VERSION = 4.0;
				TARGETED_DEVICE_FAMILY = "1,2";
				TEST_HOST = "$(BUILT_PRODUCTS_DIR)/edU.app/edU";
			};
			name = Release;
		};
		A23279B3216FDBD600A70E6D /* Debug */ = {
			isa = XCBuildConfiguration;
			baseConfigurationReference = BA20256C50ADB38918FAC7C3 /* Pods-edUUITests.debug.xcconfig */;
			buildSettings = {
				ALWAYS_EMBED_SWIFT_STANDARD_LIBRARIES = YES;
				CODE_SIGN_STYLE = Automatic;
				INFOPLIST_FILE = edUUITests/Info.plist;
				LD_RUNPATH_SEARCH_PATHS = (
					"$(inherited)",
					"@executable_path/Frameworks",
					"@loader_path/Frameworks",
				);
				PRODUCT_BUNDLE_IDENTIFIER = UTA.edUUITests;
				PRODUCT_NAME = "$(TARGET_NAME)";
				SWIFT_VERSION = 4.0;
				TARGETED_DEVICE_FAMILY = "1,2";
				TEST_TARGET_NAME = edU;
			};
			name = Debug;
		};
		A23279B4216FDBD600A70E6D /* Release */ = {
			isa = XCBuildConfiguration;
			baseConfigurationReference = F1159A2853C7013C3B7F8952 /* Pods-edUUITests.release.xcconfig */;
			buildSettings = {
				ALWAYS_EMBED_SWIFT_STANDARD_LIBRARIES = YES;
				CODE_SIGN_STYLE = Automatic;
				INFOPLIST_FILE = edUUITests/Info.plist;
				LD_RUNPATH_SEARCH_PATHS = (
					"$(inherited)",
					"@executable_path/Frameworks",
					"@loader_path/Frameworks",
				);
				PRODUCT_BUNDLE_IDENTIFIER = UTA.edUUITests;
				PRODUCT_NAME = "$(TARGET_NAME)";
				SWIFT_VERSION = 4.0;
				TARGETED_DEVICE_FAMILY = "1,2";
				TEST_TARGET_NAME = edU;
			};
			name = Release;
		};
/* End XCBuildConfiguration section */

/* Begin XCConfigurationList section */
		A232797F216FDBD500A70E6D /* Build configuration list for PBXProject "edu" */ = {
			isa = XCConfigurationList;
			buildConfigurations = (
				A23279AA216FDBD600A70E6D /* Debug */,
				A23279AB216FDBD600A70E6D /* Release */,
			);
			defaultConfigurationIsVisible = 0;
			defaultConfigurationName = Release;
		};
		A23279AC216FDBD600A70E6D /* Build configuration list for PBXNativeTarget "edU" */ = {
			isa = XCConfigurationList;
			buildConfigurations = (
				A23279AD216FDBD600A70E6D /* Debug */,
				A23279AE216FDBD600A70E6D /* Release */,
			);
			defaultConfigurationIsVisible = 0;
			defaultConfigurationName = Release;
		};
		A23279AF216FDBD600A70E6D /* Build configuration list for PBXNativeTarget "edUTests" */ = {
			isa = XCConfigurationList;
			buildConfigurations = (
				A23279B0216FDBD600A70E6D /* Debug */,
				A23279B1216FDBD600A70E6D /* Release */,
			);
			defaultConfigurationIsVisible = 0;
			defaultConfigurationName = Release;
		};
		A23279B2216FDBD600A70E6D /* Build configuration list for PBXNativeTarget "edUUITests" */ = {
			isa = XCConfigurationList;
			buildConfigurations = (
				A23279B3216FDBD600A70E6D /* Debug */,
				A23279B4216FDBD600A70E6D /* Release */,
			);
			defaultConfigurationIsVisible = 0;
			defaultConfigurationName = Release;
		};
/* End XCConfigurationList section */
	};
	rootObject = A232797C216FDBD500A70E6D /* Project object */;
}
