PODS:
  - Sketch (2.0)
  - SwiftyButton (0.8.2)

DEPENDENCIES:
  - Sketch
  - SwiftyButton

SPEC REPOS:
  https://github.com/cocoapods/specs.git:
    - Sketch
    - SwiftyButton

SPEC CHECKSUMS:
  Sketch: c54b898799ba34cb282b57ff42b5d0a6071e855f
  SwiftyButton: 5b0ef314e9cf61cf8a83e456ddd1ea1f53f30598

PODFILE CHECKSUM: 2d41771b8af3f48d8225788d1bf26cfd4f78c018

COCOAPODS: 1.5.3
